// !$*UTF8*$!
{
	archiveVersion = 1;
	classes = {
	};
	objectVersion = 56;
	objects = {

/* Begin PBXBuildFile section */
		31954DCA2916FB0300C6AD1F /* NavBar.swift in Sources */ = {isa = PBXBuildFile; fileRef = 31954DC92916FB0300C6AD1F /* NavBar.swift */; };
		31954DCE2916FD4F00C6AD1F /* Font Awesome 5 Free-Regular-400.otf in Resources */ = {isa = PBXBuildFile; fileRef = 31954DCB2916FD4F00C6AD1F /* Font Awesome 5 Free-Regular-400.otf */; };
		31954DCF2916FD4F00C6AD1F /* Font Awesome 5 Free-Solid-900.otf in Resources */ = {isa = PBXBuildFile; fileRef = 31954DCC2916FD4F00C6AD1F /* Font Awesome 5 Free-Solid-900.otf */; };
		31954DD02916FD4F00C6AD1F /* Font Awesome 5 Brands-Regular-400.otf in Resources */ = {isa = PBXBuildFile; fileRef = 31954DCD2916FD4F00C6AD1F /* Font Awesome 5 Brands-Regular-400.otf */; };
		31954DD22917042E00C6AD1F /* BookDetailView.swift in Sources */ = {isa = PBXBuildFile; fileRef = 31954DD12917042E00C6AD1F /* BookDetailView.swift */; };
		31954DD4291707EC00C6AD1F /* ColorExtension.swift in Sources */ = {isa = PBXBuildFile; fileRef = 31954DD3291707EC00C6AD1F /* ColorExtension.swift */; };
		31954DD6291710FF00C6AD1F /* FAIcon.swift in Sources */ = {isa = PBXBuildFile; fileRef = 31954DD5291710FF00C6AD1F /* FAIcon.swift */; };
		31954DD8291713D500C6AD1F /* BookCardView.swift in Sources */ = {isa = PBXBuildFile; fileRef = 31954DD7291713D500C6AD1F /* BookCardView.swift */; };
		31954DDA291714B500C6AD1F /* Book.swift in Sources */ = {isa = PBXBuildFile; fileRef = 31954DD9291714B500C6AD1F /* Book.swift */; };
		31954DDD2917190A00C6AD1F /* CustomText.swift in Sources */ = {isa = PBXBuildFile; fileRef = 31954DDC2917190A00C6AD1F /* CustomText.swift */; };
		31954DE129171EC200C6AD1F /* CopyCardView.swift in Sources */ = {isa = PBXBuildFile; fileRef = 31954DE029171EC200C6AD1F /* CopyCardView.swift */; };
		31954DE329172B5600C6AD1F /* ReviewCardView.swift in Sources */ = {isa = PBXBuildFile; fileRef = 31954DE229172B5600C6AD1F /* ReviewCardView.swift */; };
		EE220BBE2913840200CEC13A /* NotoSerif-Bold.ttf in Resources */ = {isa = PBXBuildFile; fileRef = EE220BBD2913840100CEC13A /* NotoSerif-Bold.ttf */; };
		EE220BC32913849500CEC13A /* LoginView.swift in Sources */ = {isa = PBXBuildFile; fileRef = EE220BC22913849500CEC13A /* LoginView.swift */; };
		EE220BC52913978B00CEC13A /* CopyDetailsView.swift in Sources */ = {isa = PBXBuildFile; fileRef = EE220BC42913978B00CEC13A /* CopyDetailsView.swift */; };
		EE220BC829139B9800CEC13A /* SDWebImageSwiftUI in Frameworks */ = {isa = PBXBuildFile; productRef = EE220BC729139B9800CEC13A /* SDWebImageSwiftUI */; };
		EE3609F52911B594006DB257 /* CrossMyBookApp.swift in Sources */ = {isa = PBXBuildFile; fileRef = EE3609F42911B594006DB257 /* CrossMyBookApp.swift */; };
		EE3609F72911B594006DB257 /* ContentView.swift in Sources */ = {isa = PBXBuildFile; fileRef = EE3609F62911B594006DB257 /* ContentView.swift */; };
		EE3609F92911B595006DB257 /* Assets.xcassets in Resources */ = {isa = PBXBuildFile; fileRef = EE3609F82911B595006DB257 /* Assets.xcassets */; };
		EE3609FC2911B595006DB257 /* Preview Assets.xcassets in Resources */ = {isa = PBXBuildFile; fileRef = EE3609FB2911B595006DB257 /* Preview Assets.xcassets */; };
		EE3609FE2911B595006DB257 /* Persistence.swift in Sources */ = {isa = PBXBuildFile; fileRef = EE3609FD2911B595006DB257 /* Persistence.swift */; };
		EE360A012911B595006DB257 /* CrossMyBook.xcdatamodeld in Sources */ = {isa = PBXBuildFile; fileRef = EE3609FF2911B595006DB257 /* CrossMyBook.xcdatamodeld */; };
		EE360A092911B7C5006DB257 /* NotoSerif-Regular.ttf in Resources */ = {isa = PBXBuildFile; fileRef = EE360A082911B7C5006DB257 /* NotoSerif-Regular.ttf */; };
		EE9181FF2918D91A003CD0B0 /* RequestBookForm.swift in Sources */ = {isa = PBXBuildFile; fileRef = EE9181FE2918D91A003CD0B0 /* RequestBookForm.swift */; };
/* End PBXBuildFile section */

/* Begin PBXFileReference section */
		31954DC92916FB0300C6AD1F /* NavBar.swift */ = {isa = PBXFileReference; lastKnownFileType = sourcecode.swift; path = NavBar.swift; sourceTree = "<group>"; };
		31954DCB2916FD4F00C6AD1F /* Font Awesome 5 Free-Regular-400.otf */ = {isa = PBXFileReference; lastKnownFileType = file; path = "Font Awesome 5 Free-Regular-400.otf"; sourceTree = "<group>"; };
		31954DCC2916FD4F00C6AD1F /* Font Awesome 5 Free-Solid-900.otf */ = {isa = PBXFileReference; lastKnownFileType = file; path = "Font Awesome 5 Free-Solid-900.otf"; sourceTree = "<group>"; };
		31954DCD2916FD4F00C6AD1F /* Font Awesome 5 Brands-Regular-400.otf */ = {isa = PBXFileReference; lastKnownFileType = file; path = "Font Awesome 5 Brands-Regular-400.otf"; sourceTree = "<group>"; };
		31954DD12917042E00C6AD1F /* BookDetailView.swift */ = {isa = PBXFileReference; lastKnownFileType = sourcecode.swift; path = BookDetailView.swift; sourceTree = "<group>"; };
		31954DD3291707EC00C6AD1F /* ColorExtension.swift */ = {isa = PBXFileReference; lastKnownFileType = sourcecode.swift; name = ColorExtension.swift; path = CrossMyBook/Views/ColorExtension.swift; sourceTree = SOURCE_ROOT; };
		31954DD5291710FF00C6AD1F /* FAIcon.swift */ = {isa = PBXFileReference; lastKnownFileType = sourcecode.swift; path = FAIcon.swift; sourceTree = "<group>"; };
		31954DD7291713D500C6AD1F /* BookCardView.swift */ = {isa = PBXFileReference; lastKnownFileType = sourcecode.swift; path = BookCardView.swift; sourceTree = "<group>"; };
		31954DD9291714B500C6AD1F /* Book.swift */ = {isa = PBXFileReference; lastKnownFileType = sourcecode.swift; name = Book.swift; path = CrossMyBook/Views/Book.swift; sourceTree = SOURCE_ROOT; };
		31954DDC2917190A00C6AD1F /* CustomText.swift */ = {isa = PBXFileReference; lastKnownFileType = sourcecode.swift; path = CustomText.swift; sourceTree = "<group>"; };
		31954DE029171EC200C6AD1F /* CopyCardView.swift */ = {isa = PBXFileReference; lastKnownFileType = sourcecode.swift; path = CopyCardView.swift; sourceTree = "<group>"; };
		31954DE229172B5600C6AD1F /* ReviewCardView.swift */ = {isa = PBXFileReference; lastKnownFileType = sourcecode.swift; path = ReviewCardView.swift; sourceTree = "<group>"; };
		EE220BBD2913840100CEC13A /* NotoSerif-Bold.ttf */ = {isa = PBXFileReference; lastKnownFileType = file; path = "NotoSerif-Bold.ttf"; sourceTree = "<group>"; };
		EE220BC22913849500CEC13A /* LoginView.swift */ = {isa = PBXFileReference; lastKnownFileType = sourcecode.swift; path = LoginView.swift; sourceTree = "<group>"; };
		EE220BC42913978B00CEC13A /* CopyDetailsView.swift */ = {isa = PBXFileReference; lastKnownFileType = sourcecode.swift; path = CopyDetailsView.swift; sourceTree = "<group>"; };
		EE3609F12911B594006DB257 /* CrossMyBook.app */ = {isa = PBXFileReference; explicitFileType = wrapper.application; includeInIndex = 0; path = CrossMyBook.app; sourceTree = BUILT_PRODUCTS_DIR; };
		EE3609F42911B594006DB257 /* CrossMyBookApp.swift */ = {isa = PBXFileReference; lastKnownFileType = sourcecode.swift; path = CrossMyBookApp.swift; sourceTree = "<group>"; };
		EE3609F62911B594006DB257 /* ContentView.swift */ = {isa = PBXFileReference; lastKnownFileType = sourcecode.swift; path = ContentView.swift; sourceTree = "<group>"; };
		EE3609F82911B595006DB257 /* Assets.xcassets */ = {isa = PBXFileReference; lastKnownFileType = folder.assetcatalog; path = Assets.xcassets; sourceTree = "<group>"; };
		EE3609FB2911B595006DB257 /* Preview Assets.xcassets */ = {isa = PBXFileReference; lastKnownFileType = folder.assetcatalog; path = "Preview Assets.xcassets"; sourceTree = "<group>"; };
		EE3609FD2911B595006DB257 /* Persistence.swift */ = {isa = PBXFileReference; lastKnownFileType = sourcecode.swift; path = Persistence.swift; sourceTree = "<group>"; };
		EE360A002911B595006DB257 /* CrossMyBook.xcdatamodel */ = {isa = PBXFileReference; lastKnownFileType = wrapper.xcdatamodel; path = CrossMyBook.xcdatamodel; sourceTree = "<group>"; };
		EE360A082911B7C5006DB257 /* NotoSerif-Regular.ttf */ = {isa = PBXFileReference; lastKnownFileType = file; name = "NotoSerif-Regular.ttf"; path = "CrossMyBook/Fonts/NotoSerif-Regular.ttf"; sourceTree = SOURCE_ROOT; };
		EE360A0A2911B8F3006DB257 /* Info.plist */ = {isa = PBXFileReference; lastKnownFileType = text.plist; path = Info.plist; sourceTree = "<group>"; };
		EE9181FE2918D91A003CD0B0 /* RequestBookForm.swift */ = {isa = PBXFileReference; lastKnownFileType = sourcecode.swift; path = RequestBookForm.swift; sourceTree = "<group>"; };
/* End PBXFileReference section */

/* Begin PBXFrameworksBuildPhase section */
		EE3609EE2911B594006DB257 /* Frameworks */ = {
			isa = PBXFrameworksBuildPhase;
			buildActionMask = 2147483647;
			files = (
				EE220BC829139B9800CEC13A /* SDWebImageSwiftUI in Frameworks */,
			);
			runOnlyForDeploymentPostprocessing = 0;
		};
/* End PBXFrameworksBuildPhase section */

/* Begin PBXGroup section */
		31954DDB291718DD00C6AD1F /* Utils */ = {
			isa = PBXGroup;
			children = (
				31954DD3291707EC00C6AD1F /* ColorExtension.swift */,
				31954DD5291710FF00C6AD1F /* FAIcon.swift */,
				31954DDC2917190A00C6AD1F /* CustomText.swift */,
			);
			name = Utils;
			sourceTree = "<group>";
		};
		31954DE429172C2100C6AD1F /* BookDetail */ = {
			isa = PBXGroup;
			children = (
				31954DD12917042E00C6AD1F /* BookDetailView.swift */,
				31954DD7291713D500C6AD1F /* BookCardView.swift */,
				31954DE029171EC200C6AD1F /* CopyCardView.swift */,
				31954DE229172B5600C6AD1F /* ReviewCardView.swift */,
			);
			name = BookDetail;
			sourceTree = "<group>";
		};
		EE220BBF2913847500CEC13A /* Views */ = {
			isa = PBXGroup;
			children = (
				EE9181FC2918D2BF003CD0B0 /* CopyDetails */,
				31954DE429172C2100C6AD1F /* BookDetail */,
				31954DDB291718DD00C6AD1F /* Utils */,
				EE220BC22913849500CEC13A /* LoginView.swift */,
				31954DC92916FB0300C6AD1F /* NavBar.swift */,
			);
			path = Views;
			sourceTree = "<group>";
		};
		EE220BC02913847F00CEC13A /* Models */ = {
			isa = PBXGroup;
			children = (
				31954DD9291714B500C6AD1F /* Book.swift */,
			);
			path = Models;
			sourceTree = "<group>";
		};
		EE220BC12913848600CEC13A /* Controllers */ = {
			isa = PBXGroup;
			children = (
			);
			path = Controllers;
			sourceTree = "<group>";
		};
		EE3609E82911B594006DB257 = {
			isa = PBXGroup;
			children = (
				EE3609F32911B594006DB257 /* CrossMyBook */,
				EE3609F22911B594006DB257 /* Products */,
			);
			sourceTree = "<group>";
		};
		EE3609F22911B594006DB257 /* Products */ = {
			isa = PBXGroup;
			children = (
				EE3609F12911B594006DB257 /* CrossMyBook.app */,
			);
			name = Products;
			sourceTree = "<group>";
		};
		EE3609F32911B594006DB257 /* CrossMyBook */ = {
			isa = PBXGroup;
			children = (
				EE220BC12913848600CEC13A /* Controllers */,
				EE220BC02913847F00CEC13A /* Models */,
				EE220BBF2913847500CEC13A /* Views */,
				EE360A0A2911B8F3006DB257 /* Info.plist */,
				EE360A072911B7B3006DB257 /* Fonts */,
				EE3609F42911B594006DB257 /* CrossMyBookApp.swift */,
				EE3609F62911B594006DB257 /* ContentView.swift */,
				EE3609F82911B595006DB257 /* Assets.xcassets */,
				EE3609FD2911B595006DB257 /* Persistence.swift */,
				EE3609FF2911B595006DB257 /* CrossMyBook.xcdatamodeld */,
				EE3609FA2911B595006DB257 /* Preview Content */,
			);
			path = CrossMyBook;
			sourceTree = "<group>";
		};
		EE3609FA2911B595006DB257 /* Preview Content */ = {
			isa = PBXGroup;
			children = (
				EE3609FB2911B595006DB257 /* Preview Assets.xcassets */,
			);
			path = "Preview Content";
			sourceTree = "<group>";
		};
		EE360A072911B7B3006DB257 /* Fonts */ = {
			isa = PBXGroup;
			children = (
				31954DCD2916FD4F00C6AD1F /* Font Awesome 5 Brands-Regular-400.otf */,
				31954DCB2916FD4F00C6AD1F /* Font Awesome 5 Free-Regular-400.otf */,
				31954DCC2916FD4F00C6AD1F /* Font Awesome 5 Free-Solid-900.otf */,
				EE220BBD2913840100CEC13A /* NotoSerif-Bold.ttf */,
				EE360A082911B7C5006DB257 /* NotoSerif-Regular.ttf */,
			);
			path = Fonts;
			sourceTree = "<group>";
		};
		EE9181FC2918D2BF003CD0B0 /* CopyDetails */ = {
			isa = PBXGroup;
			children = (
				EE220BC42913978B00CEC13A /* CopyDetailsView.swift */,
				EE9181FE2918D91A003CD0B0 /* RequestBookForm.swift */,
			);
			name = CopyDetails;
			sourceTree = "<group>";
		};
/* End PBXGroup section */

/* Begin PBXNativeTarget section */
		EE3609F02911B594006DB257 /* CrossMyBook */ = {
			isa = PBXNativeTarget;
			buildConfigurationList = EE360A042911B595006DB257 /* Build configuration list for PBXNativeTarget "CrossMyBook" */;
			buildPhases = (
				EE3609ED2911B594006DB257 /* Sources */,
				EE3609EE2911B594006DB257 /* Frameworks */,
				EE3609EF2911B594006DB257 /* Resources */,
			);
			buildRules = (
			);
			dependencies = (
			);
			name = CrossMyBook;
			packageProductDependencies = (
				EE220BC729139B9800CEC13A /* SDWebImageSwiftUI */,
			);
			productName = CrossMyBook;
			productReference = EE3609F12911B594006DB257 /* CrossMyBook.app */;
			productType = "com.apple.product-type.application";
		};
/* End PBXNativeTarget section */

/* Begin PBXProject section */
		EE3609E92911B594006DB257 /* Project object */ = {
			isa = PBXProject;
			attributes = {
				BuildIndependentTargetsInParallel = 1;
				LastSwiftUpdateCheck = 1400;
				LastUpgradeCheck = 1400;
				TargetAttributes = {
					EE3609F02911B594006DB257 = {
						CreatedOnToolsVersion = 14.0.1;
					};
				};
			};
			buildConfigurationList = EE3609EC2911B594006DB257 /* Build configuration list for PBXProject "CrossMyBook" */;
			compatibilityVersion = "Xcode 14.0";
			developmentRegion = en;
			hasScannedForEncodings = 0;
			knownRegions = (
				en,
				Base,
			);
			mainGroup = EE3609E82911B594006DB257;
			packageReferences = (
				EE220BC629139B9800CEC13A /* XCRemoteSwiftPackageReference "SDWebImageSwiftUI" */,
			);
			productRefGroup = EE3609F22911B594006DB257 /* Products */;
			projectDirPath = "";
			projectRoot = "";
			targets = (
				EE3609F02911B594006DB257 /* CrossMyBook */,
			);
		};
/* End PBXProject section */

/* Begin PBXResourcesBuildPhase section */
		EE3609EF2911B594006DB257 /* Resources */ = {
			isa = PBXResourcesBuildPhase;
			buildActionMask = 2147483647;
			files = (
				EE3609FC2911B595006DB257 /* Preview Assets.xcassets in Resources */,
				EE220BBE2913840200CEC13A /* NotoSerif-Bold.ttf in Resources */,
				EE360A092911B7C5006DB257 /* NotoSerif-Regular.ttf in Resources */,
				31954DCF2916FD4F00C6AD1F /* Font Awesome 5 Free-Solid-900.otf in Resources */,
				EE3609F92911B595006DB257 /* Assets.xcassets in Resources */,
				31954DD02916FD4F00C6AD1F /* Font Awesome 5 Brands-Regular-400.otf in Resources */,
				31954DCE2916FD4F00C6AD1F /* Font Awesome 5 Free-Regular-400.otf in Resources */,
			);
			runOnlyForDeploymentPostprocessing = 0;
		};
/* End PBXResourcesBuildPhase section */

/* Begin PBXSourcesBuildPhase section */
		EE3609ED2911B594006DB257 /* Sources */ = {
			isa = PBXSourcesBuildPhase;
			buildActionMask = 2147483647;
			files = (
				31954DDD2917190A00C6AD1F /* CustomText.swift in Sources */,
				31954DE129171EC200C6AD1F /* CopyCardView.swift in Sources */,
				31954DE329172B5600C6AD1F /* ReviewCardView.swift in Sources */,
				31954DD22917042E00C6AD1F /* BookDetailView.swift in Sources */,
				EE220BC52913978B00CEC13A /* CopyDetailsView.swift in Sources */,
				EE3609FE2911B595006DB257 /* Persistence.swift in Sources */,
				31954DD8291713D500C6AD1F /* BookCardView.swift in Sources */,
				31954DD4291707EC00C6AD1F /* ColorExtension.swift in Sources */,
				EE9181FF2918D91A003CD0B0 /* RequestBookForm.swift in Sources */,
				EE3609F72911B594006DB257 /* ContentView.swift in Sources */,
				EE3609F52911B594006DB257 /* CrossMyBookApp.swift in Sources */,
				31954DCA2916FB0300C6AD1F /* NavBar.swift in Sources */,
				31954DDA291714B500C6AD1F /* Book.swift in Sources */,
				EE220BC32913849500CEC13A /* LoginView.swift in Sources */,
				EE360A012911B595006DB257 /* CrossMyBook.xcdatamodeld in Sources */,
				31954DD6291710FF00C6AD1F /* FAIcon.swift in Sources */,
			);
			runOnlyForDeploymentPostprocessing = 0;
		};
/* End PBXSourcesBuildPhase section */

/* Begin XCBuildConfiguration section */
		EE360A022911B595006DB257 /* Debug */ = {
			isa = XCBuildConfiguration;
			buildSettings = {
				ALWAYS_SEARCH_USER_PATHS = NO;
				CLANG_ANALYZER_NONNULL = YES;
				CLANG_ANALYZER_NUMBER_OBJECT_CONVERSION = YES_AGGRESSIVE;
				CLANG_CXX_LANGUAGE_STANDARD = "gnu++20";
				CLANG_ENABLE_MODULES = YES;
				CLANG_ENABLE_OBJC_ARC = YES;
				CLANG_ENABLE_OBJC_WEAK = YES;
				CLANG_WARN_BLOCK_CAPTURE_AUTORELEASING = YES;
				CLANG_WARN_BOOL_CONVERSION = YES;
				CLANG_WARN_COMMA = YES;
				CLANG_WARN_CONSTANT_CONVERSION = YES;
				CLANG_WARN_DEPRECATED_OBJC_IMPLEMENTATIONS = YES;
				CLANG_WARN_DIRECT_OBJC_ISA_USAGE = YES_ERROR;
				CLANG_WARN_DOCUMENTATION_COMMENTS = YES;
				CLANG_WARN_EMPTY_BODY = YES;
				CLANG_WARN_ENUM_CONVERSION = YES;
				CLANG_WARN_INFINITE_RECURSION = YES;
				CLANG_WARN_INT_CONVERSION = YES;
				CLANG_WARN_NON_LITERAL_NULL_CONVERSION = YES;
				CLANG_WARN_OBJC_IMPLICIT_RETAIN_SELF = YES;
				CLANG_WARN_OBJC_LITERAL_CONVERSION = YES;
				CLANG_WARN_OBJC_ROOT_CLASS = YES_ERROR;
				CLANG_WARN_QUOTED_INCLUDE_IN_FRAMEWORK_HEADER = YES;
				CLANG_WARN_RANGE_LOOP_ANALYSIS = YES;
				CLANG_WARN_STRICT_PROTOTYPES = YES;
				CLANG_WARN_SUSPICIOUS_MOVE = YES;
				CLANG_WARN_UNGUARDED_AVAILABILITY = YES_AGGRESSIVE;
				CLANG_WARN_UNREACHABLE_CODE = YES;
				CLANG_WARN__DUPLICATE_METHOD_MATCH = YES;
				COPY_PHASE_STRIP = NO;
				DEBUG_INFORMATION_FORMAT = dwarf;
				ENABLE_STRICT_OBJC_MSGSEND = YES;
				ENABLE_TESTABILITY = YES;
				GCC_C_LANGUAGE_STANDARD = gnu11;
				GCC_DYNAMIC_NO_PIC = NO;
				GCC_NO_COMMON_BLOCKS = YES;
				GCC_OPTIMIZATION_LEVEL = 0;
				GCC_PREPROCESSOR_DEFINITIONS = (
					"DEBUG=1",
					"$(inherited)",
				);
				GCC_WARN_64_TO_32_BIT_CONVERSION = YES;
				GCC_WARN_ABOUT_RETURN_TYPE = YES_ERROR;
				GCC_WARN_UNDECLARED_SELECTOR = YES;
				GCC_WARN_UNINITIALIZED_AUTOS = YES_AGGRESSIVE;
				GCC_WARN_UNUSED_FUNCTION = YES;
				GCC_WARN_UNUSED_VARIABLE = YES;
				IPHONEOS_DEPLOYMENT_TARGET = 16.0;
				MTL_ENABLE_DEBUG_INFO = INCLUDE_SOURCE;
				MTL_FAST_MATH = YES;
				ONLY_ACTIVE_ARCH = YES;
				SDKROOT = iphoneos;
				SWIFT_ACTIVE_COMPILATION_CONDITIONS = DEBUG;
				SWIFT_OPTIMIZATION_LEVEL = "-Onone";
			};
			name = Debug;
		};
		EE360A032911B595006DB257 /* Release */ = {
			isa = XCBuildConfiguration;
			buildSettings = {
				ALWAYS_SEARCH_USER_PATHS = NO;
				CLANG_ANALYZER_NONNULL = YES;
				CLANG_ANALYZER_NUMBER_OBJECT_CONVERSION = YES_AGGRESSIVE;
				CLANG_CXX_LANGUAGE_STANDARD = "gnu++20";
				CLANG_ENABLE_MODULES = YES;
				CLANG_ENABLE_OBJC_ARC = YES;
				CLANG_ENABLE_OBJC_WEAK = YES;
				CLANG_WARN_BLOCK_CAPTURE_AUTORELEASING = YES;
				CLANG_WARN_BOOL_CONVERSION = YES;
				CLANG_WARN_COMMA = YES;
				CLANG_WARN_CONSTANT_CONVERSION = YES;
				CLANG_WARN_DEPRECATED_OBJC_IMPLEMENTATIONS = YES;
				CLANG_WARN_DIRECT_OBJC_ISA_USAGE = YES_ERROR;
				CLANG_WARN_DOCUMENTATION_COMMENTS = YES;
				CLANG_WARN_EMPTY_BODY = YES;
				CLANG_WARN_ENUM_CONVERSION = YES;
				CLANG_WARN_INFINITE_RECURSION = YES;
				CLANG_WARN_INT_CONVERSION = YES;
				CLANG_WARN_NON_LITERAL_NULL_CONVERSION = YES;
				CLANG_WARN_OBJC_IMPLICIT_RETAIN_SELF = YES;
				CLANG_WARN_OBJC_LITERAL_CONVERSION = YES;
				CLANG_WARN_OBJC_ROOT_CLASS = YES_ERROR;
				CLANG_WARN_QUOTED_INCLUDE_IN_FRAMEWORK_HEADER = YES;
				CLANG_WARN_RANGE_LOOP_ANALYSIS = YES;
				CLANG_WARN_STRICT_PROTOTYPES = YES;
				CLANG_WARN_SUSPICIOUS_MOVE = YES;
				CLANG_WARN_UNGUARDED_AVAILABILITY = YES_AGGRESSIVE;
				CLANG_WARN_UNREACHABLE_CODE = YES;
				CLANG_WARN__DUPLICATE_METHOD_MATCH = YES;
				COPY_PHASE_STRIP = NO;
				DEBUG_INFORMATION_FORMAT = "dwarf-with-dsym";
				ENABLE_NS_ASSERTIONS = NO;
				ENABLE_STRICT_OBJC_MSGSEND = YES;
				GCC_C_LANGUAGE_STANDARD = gnu11;
				GCC_NO_COMMON_BLOCKS = YES;
				GCC_WARN_64_TO_32_BIT_CONVERSION = YES;
				GCC_WARN_ABOUT_RETURN_TYPE = YES_ERROR;
				GCC_WARN_UNDECLARED_SELECTOR = YES;
				GCC_WARN_UNINITIALIZED_AUTOS = YES_AGGRESSIVE;
				GCC_WARN_UNUSED_FUNCTION = YES;
				GCC_WARN_UNUSED_VARIABLE = YES;
				IPHONEOS_DEPLOYMENT_TARGET = 16.0;
				MTL_ENABLE_DEBUG_INFO = NO;
				MTL_FAST_MATH = YES;
				SDKROOT = iphoneos;
				SWIFT_COMPILATION_MODE = wholemodule;
				SWIFT_OPTIMIZATION_LEVEL = "-O";
				VALIDATE_PRODUCT = YES;
			};
			name = Release;
		};
		EE360A052911B595006DB257 /* Debug */ = {
			isa = XCBuildConfiguration;
			buildSettings = {
				ASSETCATALOG_COMPILER_APPICON_NAME = AppIcon;
				ASSETCATALOG_COMPILER_GLOBAL_ACCENT_COLOR_NAME = AccentColor;
				CODE_SIGN_STYLE = Automatic;
				CURRENT_PROJECT_VERSION = 1;
				DEVELOPMENT_ASSET_PATHS = "\"CrossMyBook/Preview Content\"";
				DEVELOPMENT_TEAM = GZTC5C4KZH;
				ENABLE_PREVIEWS = YES;
				GENERATE_INFOPLIST_FILE = YES;
				INFOPLIST_FILE = CrossMyBook/Info.plist;
				INFOPLIST_KEY_UIApplicationSceneManifest_Generation = YES;
				INFOPLIST_KEY_UIApplicationSupportsIndirectInputEvents = YES;
				INFOPLIST_KEY_UILaunchScreen_Generation = YES;
				INFOPLIST_KEY_UISupportedInterfaceOrientations_iPad = "UIInterfaceOrientationPortrait UIInterfaceOrientationPortraitUpsideDown UIInterfaceOrientationLandscapeLeft UIInterfaceOrientationLandscapeRight";
				INFOPLIST_KEY_UISupportedInterfaceOrientations_iPhone = "UIInterfaceOrientationPortrait UIInterfaceOrientationLandscapeLeft UIInterfaceOrientationLandscapeRight";
				LD_RUNPATH_SEARCH_PATHS = (
					"$(inherited)",
					"@executable_path/Frameworks",
				);
				MARKETING_VERSION = 1.0;
				PRODUCT_BUNDLE_IDENTIFIER = com.femindharamshi.CrossMyBook;
				PRODUCT_NAME = "$(TARGET_NAME)";
				SWIFT_EMIT_LOC_STRINGS = YES;
				SWIFT_VERSION = 5.0;
				TARGETED_DEVICE_FAMILY = "1,2";
			};
			name = Debug;
		};
		EE360A062911B595006DB257 /* Release */ = {
			isa = XCBuildConfiguration;
			buildSettings = {
				ASSETCATALOG_COMPILER_APPICON_NAME = AppIcon;
				ASSETCATALOG_COMPILER_GLOBAL_ACCENT_COLOR_NAME = AccentColor;
				CODE_SIGN_STYLE = Automatic;
				CURRENT_PROJECT_VERSION = 1;
				DEVELOPMENT_ASSET_PATHS = "\"CrossMyBook/Preview Content\"";
				DEVELOPMENT_TEAM = GZTC5C4KZH;
				ENABLE_PREVIEWS = YES;
				GENERATE_INFOPLIST_FILE = YES;
				INFOPLIST_FILE = CrossMyBook/Info.plist;
				INFOPLIST_KEY_UIApplicationSceneManifest_Generation = YES;
				INFOPLIST_KEY_UIApplicationSupportsIndirectInputEvents = YES;
				INFOPLIST_KEY_UILaunchScreen_Generation = YES;
				INFOPLIST_KEY_UISupportedInterfaceOrientations_iPad = "UIInterfaceOrientationPortrait UIInterfaceOrientationPortraitUpsideDown UIInterfaceOrientationLandscapeLeft UIInterfaceOrientationLandscapeRight";
				INFOPLIST_KEY_UISupportedInterfaceOrientations_iPhone = "UIInterfaceOrientationPortrait UIInterfaceOrientationLandscapeLeft UIInterfaceOrientationLandscapeRight";
				LD_RUNPATH_SEARCH_PATHS = (
					"$(inherited)",
					"@executable_path/Frameworks",
				);
				MARKETING_VERSION = 1.0;
				PRODUCT_BUNDLE_IDENTIFIER = com.femindharamshi.CrossMyBook;
				PRODUCT_NAME = "$(TARGET_NAME)";
				SWIFT_EMIT_LOC_STRINGS = YES;
				SWIFT_VERSION = 5.0;
				TARGETED_DEVICE_FAMILY = "1,2";
			};
			name = Release;
		};
/* End XCBuildConfiguration section */

/* Begin XCConfigurationList section */
		EE3609EC2911B594006DB257 /* Build configuration list for PBXProject "CrossMyBook" */ = {
			isa = XCConfigurationList;
			buildConfigurations = (
				EE360A022911B595006DB257 /* Debug */,
				EE360A032911B595006DB257 /* Release */,
			);
			defaultConfigurationIsVisible = 0;
			defaultConfigurationName = Release;
		};
		EE360A042911B595006DB257 /* Build configuration list for PBXNativeTarget "CrossMyBook" */ = {
			isa = XCConfigurationList;
			buildConfigurations = (
				EE360A052911B595006DB257 /* Debug */,
				EE360A062911B595006DB257 /* Release */,
			);
			defaultConfigurationIsVisible = 0;
			defaultConfigurationName = Release;
		};
/* End XCConfigurationList section */

/* Begin XCRemoteSwiftPackageReference section */
		EE220BC629139B9800CEC13A /* XCRemoteSwiftPackageReference "SDWebImageSwiftUI" */ = {
			isa = XCRemoteSwiftPackageReference;
			repositoryURL = "https://github.com/SDWebImage/SDWebImageSwiftUI.git";
			requirement = {
				kind = upToNextMajorVersion;
				minimumVersion = 2.0.0;
			};
		};
/* End XCRemoteSwiftPackageReference section */

/* Begin XCSwiftPackageProductDependency section */
		EE220BC729139B9800CEC13A /* SDWebImageSwiftUI */ = {
			isa = XCSwiftPackageProductDependency;
			package = EE220BC629139B9800CEC13A /* XCRemoteSwiftPackageReference "SDWebImageSwiftUI" */;
			productName = SDWebImageSwiftUI;
		};
/* End XCSwiftPackageProductDependency section */

/* Begin XCVersionGroup section */
		EE3609FF2911B595006DB257 /* CrossMyBook.xcdatamodeld */ = {
			isa = XCVersionGroup;
			children = (
				EE360A002911B595006DB257 /* CrossMyBook.xcdatamodel */,
			);
			currentVersion = EE360A002911B595006DB257 /* CrossMyBook.xcdatamodel */;
			path = CrossMyBook.xcdatamodeld;
			sourceTree = "<group>";
			versionGroupType = wrapper.xcdatamodel;
		};
/* End XCVersionGroup section */
	};
	rootObject = EE3609E92911B594006DB257 /* Project object */;
}
