// !$*UTF8*$!
{
	archiveVersion = 1;
	classes = {
	};
	objectVersion = 56;
	objects = {

/* Begin PBXBuildFile section */
		3147D88C2930473300A8B479 /* FullReviewCardView.swift in Sources */ = {isa = PBXBuildFile; fileRef = 3147D88B2930473300A8B479 /* FullReviewCardView.swift */; };
		3147D88E293049B800A8B479 /* BookPreviewView.swift in Sources */ = {isa = PBXBuildFile; fileRef = 3147D88D293049B800A8B479 /* BookPreviewView.swift */; };
		3147D89129340B2200A8B479 /* Reviews.swift in Sources */ = {isa = PBXBuildFile; fileRef = 3147D89029340B2200A8B479 /* Reviews.swift */; };
		3147D89329340CD100A8B479 /* CommunityParser.swift in Sources */ = {isa = PBXBuildFile; fileRef = 3147D89229340CD100A8B479 /* CommunityParser.swift */; };
		3147D89629340FCD00A8B479 /* CommunityViewModel.swift in Sources */ = {isa = PBXBuildFile; fileRef = 3147D89529340FCD00A8B479 /* CommunityViewModel.swift */; };
		31954DCA2916FB0300C6AD1F /* NavBar.swift in Sources */ = {isa = PBXBuildFile; fileRef = 31954DC92916FB0300C6AD1F /* NavBar.swift */; };
		31954DCE2916FD4F00C6AD1F /* Font Awesome 5 Free-Regular-400.otf in Resources */ = {isa = PBXBuildFile; fileRef = 31954DCB2916FD4F00C6AD1F /* Font Awesome 5 Free-Regular-400.otf */; };
		31954DCF2916FD4F00C6AD1F /* Font Awesome 5 Free-Solid-900.otf in Resources */ = {isa = PBXBuildFile; fileRef = 31954DCC2916FD4F00C6AD1F /* Font Awesome 5 Free-Solid-900.otf */; };
		31954DD02916FD4F00C6AD1F /* Font Awesome 5 Brands-Regular-400.otf in Resources */ = {isa = PBXBuildFile; fileRef = 31954DCD2916FD4F00C6AD1F /* Font Awesome 5 Brands-Regular-400.otf */; };
		31954DD22917042E00C6AD1F /* BookDetailView.swift in Sources */ = {isa = PBXBuildFile; fileRef = 31954DD12917042E00C6AD1F /* BookDetailView.swift */; };
		31954DD4291707EC00C6AD1F /* ColorExtension.swift in Sources */ = {isa = PBXBuildFile; fileRef = 31954DD3291707EC00C6AD1F /* ColorExtension.swift */; };
		31954DD6291710FF00C6AD1F /* FAIcon.swift in Sources */ = {isa = PBXBuildFile; fileRef = 31954DD5291710FF00C6AD1F /* FAIcon.swift */; };
		31954DD8291713D500C6AD1F /* BookCardView.swift in Sources */ = {isa = PBXBuildFile; fileRef = 31954DD7291713D500C6AD1F /* BookCardView.swift */; };
		31954DDA291714B500C6AD1F /* Book.swift in Sources */ = {isa = PBXBuildFile; fileRef = 31954DD9291714B500C6AD1F /* Book.swift */; };
		31954DDD2917190A00C6AD1F /* CustomText.swift in Sources */ = {isa = PBXBuildFile; fileRef = 31954DDC2917190A00C6AD1F /* CustomText.swift */; };
		31954DE129171EC200C6AD1F /* CopyCardView.swift in Sources */ = {isa = PBXBuildFile; fileRef = 31954DE029171EC200C6AD1F /* CopyCardView.swift */; };
		31954DE329172B5600C6AD1F /* ReviewCardView.swift in Sources */ = {isa = PBXBuildFile; fileRef = 31954DE229172B5600C6AD1F /* ReviewCardView.swift */; };
		31A4D816293D4D0900AD6870 /* BookTest.swift in Sources */ = {isa = PBXBuildFile; fileRef = 31A4D815293D4D0900AD6870 /* BookTest.swift */; };
		31A4D819293D4F0F00AD6870 /* SDWebImageSwiftUI in Frameworks */ = {isa = PBXBuildFile; productRef = 31A4D818293D4F0F00AD6870 /* SDWebImageSwiftUI */; };
		31A4D81D293D52D600AD6870 /* ReviewTest.swift in Sources */ = {isa = PBXBuildFile; fileRef = 31A4D81C293D52D600AD6870 /* ReviewTest.swift */; };
		31A4D81F293D637000AD6870 /* PopupView.swift in Sources */ = {isa = PBXBuildFile; fileRef = 31A4D81E293D637000AD6870 /* PopupView.swift */; };
		31A8794C29181C8300286ABF /* BookParser.swift in Sources */ = {isa = PBXBuildFile; fileRef = 31A8794B29181C8300286ABF /* BookParser.swift */; };
		31A8794E291846B000286ABF /* BookViewModel.swift in Sources */ = {isa = PBXBuildFile; fileRef = 31A8794D291846B000286ABF /* BookViewModel.swift */; };
		31A8795029184F8300286ABF /* BDCopy.swift in Sources */ = {isa = PBXBuildFile; fileRef = 31A8794F29184F8300286ABF /* BDCopy.swift */; };
		31A8795429186AF600286ABF /* BDReview.swift in Sources */ = {isa = PBXBuildFile; fileRef = 31A8795329186AF600286ABF /* BDReview.swift */; };
		31A879582919E8A300286ABF /* RatingsView.swift in Sources */ = {isa = PBXBuildFile; fileRef = 31A879572919E8A300286ABF /* RatingsView.swift */; };
		31B970D429342F4000A593B0 /* CreateReviewView.swift in Sources */ = {isa = PBXBuildFile; fileRef = 31B970D329342F4000A593B0 /* CreateReviewView.swift */; };
		31B970D62934329900A593B0 /* RatingBookView.swift in Sources */ = {isa = PBXBuildFile; fileRef = 31B970D52934329900A593B0 /* RatingBookView.swift */; };
		31B970DA293C4C8600A593B0 /* ShareView.swift in Sources */ = {isa = PBXBuildFile; fileRef = 31B970D9293C4C8600A593B0 /* ShareView.swift */; };
		3A6B7C1A2919E5D2000744EB /* ReleaseFormView.swift in Sources */ = {isa = PBXBuildFile; fileRef = 3A6B7C192919E5D2000744EB /* ReleaseFormView.swift */; };
		3A6B7C1C2919E603000744EB /* ReleaseSelectionView.swift in Sources */ = {isa = PBXBuildFile; fileRef = 3A6B7C1B2919E603000744EB /* ReleaseSelectionView.swift */; };
		3A9F99CE291A230300E3909E /* ReleaseController.swift in Sources */ = {isa = PBXBuildFile; fileRef = 3A9F99CD291A230300E3909E /* ReleaseController.swift */; };
		3A9F99D0291A239200E3909E /* Release.swift in Sources */ = {isa = PBXBuildFile; fileRef = 3A9F99CF291A239200E3909E /* Release.swift */; };
		3A9F9A20291ABBA700E3909E /* ISBNBook.swift in Sources */ = {isa = PBXBuildFile; fileRef = 3A9F9A1F291ABBA700E3909E /* ISBNBook.swift */; };
		3A9F9A22291AD5F400E3909E /* ReleaseCardView.swift in Sources */ = {isa = PBXBuildFile; fileRef = 3A9F9A21291AD5F400E3909E /* ReleaseCardView.swift */; };
		3A9F9A24291AEEE700E3909E /* Location.swift in Sources */ = {isa = PBXBuildFile; fileRef = 3A9F9A23291AEEE700E3909E /* Location.swift */; };
		3AF1D7D4291B2F4C009C778E /* Msg.swift in Sources */ = {isa = PBXBuildFile; fileRef = 3AF1D7D3291B2F4C009C778E /* Msg.swift */; };
		3AF1D7D6291B2FF8009C778E /* ReleaseMsg.swift in Sources */ = {isa = PBXBuildFile; fileRef = 3AF1D7D5291B2FF8009C778E /* ReleaseMsg.swift */; };
		3AF1D7D8291C8677009C778E /* ReleaseFormEditView.swift in Sources */ = {isa = PBXBuildFile; fileRef = 3AF1D7D7291C8677009C778E /* ReleaseFormEditView.swift */; };
		3AF1D7DA291C869C009C778E /* ReleaseEditController.swift in Sources */ = {isa = PBXBuildFile; fileRef = 3AF1D7D9291C869C009C778E /* ReleaseEditController.swift */; };
		3AF1D7DE291D50EC009C778E /* ExistingRelease.swift in Sources */ = {isa = PBXBuildFile; fileRef = 3AF1D7DD291D50EC009C778E /* ExistingRelease.swift */; };
		B302C8692936F73A00802EB0 /* AvailableCopiesModel.swift in Sources */ = {isa = PBXBuildFile; fileRef = B302C8682936F73900802EB0 /* AvailableCopiesModel.swift */; };
		B34756C42937043F00E7A6E6 /* AvailableCopiesController.swift in Sources */ = {isa = PBXBuildFile; fileRef = B34756C32937043F00E7A6E6 /* AvailableCopiesController.swift */; };
		B368FB64291D7D9B00A97C16 /* Profile.swift in Sources */ = {isa = PBXBuildFile; fileRef = B368FB63291D7D9B00A97C16 /* Profile.swift */; };
		B368FB66291D7E8B00A97C16 /* ProfileController.swift in Sources */ = {isa = PBXBuildFile; fileRef = B368FB65291D7E8B00A97C16 /* ProfileController.swift */; };
		B374B131291A274E0093755D /* RoundedTextField.swift in Sources */ = {isa = PBXBuildFile; fileRef = B374B130291A274E0093755D /* RoundedTextField.swift */; };
		B3ABC8C1291C14CE006C9A01 /* RequestMessage.swift in Sources */ = {isa = PBXBuildFile; fileRef = B3ABC8C0291C14CE006C9A01 /* RequestMessage.swift */; };
		B3B8824A291956F100B80B7E /* SignupView.swift in Sources */ = {isa = PBXBuildFile; fileRef = B3B88249291956F100B80B7E /* SignupView.swift */; };
		B3C5CFA1293ABAF30095A6BB /* ReviewActionController.swift in Sources */ = {isa = PBXBuildFile; fileRef = B3C5CFA0293ABAF30095A6BB /* ReviewActionController.swift */; };
		B3CB6856291B484B004DC394 /* RequestModel.swift in Sources */ = {isa = PBXBuildFile; fileRef = B3CB6855291B484B004DC394 /* RequestModel.swift */; };
		B3CB6858291B6078004DC394 /* RequestController.swift in Sources */ = {isa = PBXBuildFile; fileRef = B3CB6857291B6078004DC394 /* RequestController.swift */; };
		B3E8F9FE293152EE0083F91F /* DashboardModel.swift in Sources */ = {isa = PBXBuildFile; fileRef = B3E8F9FD293152EE0083F91F /* DashboardModel.swift */; };
		B3E8FA01293155090083F91F /* DashboardController.swift in Sources */ = {isa = PBXBuildFile; fileRef = B3E8FA00293155090083F91F /* DashboardController.swift */; };
		B3EC2EF7293A86EB00D4EEAA /* ReviewsModel.swift in Sources */ = {isa = PBXBuildFile; fileRef = B3EC2EF6293A86EB00D4EEAA /* ReviewsModel.swift */; };
		B3EC2EF9293A87ED00D4EEAA /* ReviewsController.swift in Sources */ = {isa = PBXBuildFile; fileRef = B3EC2EF8293A87ED00D4EEAA /* ReviewsController.swift */; };
		B3EC2EFB293A893100D4EEAA /* ReviewsView.swift in Sources */ = {isa = PBXBuildFile; fileRef = B3EC2EFA293A893100D4EEAA /* ReviewsView.swift */; };
		B3F119782933FA990055A2EE /* WrappingHStack in Frameworks */ = {isa = PBXBuildFile; productRef = B3F119772933FA990055A2EE /* WrappingHStack */; };
		EE0AE85729240FFB002F2A39 /* StateUtil.swift in Sources */ = {isa = PBXBuildFile; fileRef = EE0AE85629240FFB002F2A39 /* StateUtil.swift */; };
		EE220BBE2913840200CEC13A /* NotoSerif-Bold.ttf in Resources */ = {isa = PBXBuildFile; fileRef = EE220BBD2913840100CEC13A /* NotoSerif-Bold.ttf */; };
		EE220BC32913849500CEC13A /* LoginView.swift in Sources */ = {isa = PBXBuildFile; fileRef = EE220BC22913849500CEC13A /* LoginView.swift */; };
		EE220BC52913978B00CEC13A /* CopyDetailsView.swift in Sources */ = {isa = PBXBuildFile; fileRef = EE220BC42913978B00CEC13A /* CopyDetailsView.swift */; };
		EE220BC829139B9800CEC13A /* SDWebImageSwiftUI in Frameworks */ = {isa = PBXBuildFile; productRef = EE220BC729139B9800CEC13A /* SDWebImageSwiftUI */; };
		EE2C7C10292FE2FD00F0A003 /* ConversationModel.swift in Sources */ = {isa = PBXBuildFile; fileRef = EE2C7C0F292FE2FD00F0A003 /* ConversationModel.swift */; };
		EE2C7C14292FE36600F0A003 /* ConversationController.swift in Sources */ = {isa = PBXBuildFile; fileRef = EE2C7C13292FE36600F0A003 /* ConversationController.swift */; };
		EE2C7C18292FEB6500F0A003 /* ConversationView.swift in Sources */ = {isa = PBXBuildFile; fileRef = EE2C7C17292FEB6500F0A003 /* ConversationView.swift */; };
		EE2C7C1A292FF36E00F0A003 /* MessagingModel.swift in Sources */ = {isa = PBXBuildFile; fileRef = EE2C7C19292FF36E00F0A003 /* MessagingModel.swift */; };
		EE2C7C1C292FF40F00F0A003 /* MessagingController.swift in Sources */ = {isa = PBXBuildFile; fileRef = EE2C7C1B292FF40F00F0A003 /* MessagingController.swift */; };
		EE3609F52911B594006DB257 /* CrossMyBookApp.swift in Sources */ = {isa = PBXBuildFile; fileRef = EE3609F42911B594006DB257 /* CrossMyBookApp.swift */; };
		EE3609F72911B594006DB257 /* ContentView.swift in Sources */ = {isa = PBXBuildFile; fileRef = EE3609F62911B594006DB257 /* ContentView.swift */; };
		EE3609F92911B595006DB257 /* Assets.xcassets in Resources */ = {isa = PBXBuildFile; fileRef = EE3609F82911B595006DB257 /* Assets.xcassets */; };
		EE3609FC2911B595006DB257 /* Preview Assets.xcassets in Resources */ = {isa = PBXBuildFile; fileRef = EE3609FB2911B595006DB257 /* Preview Assets.xcassets */; };
		EE3609FE2911B595006DB257 /* Persistence.swift in Sources */ = {isa = PBXBuildFile; fileRef = EE3609FD2911B595006DB257 /* Persistence.swift */; };
		EE360A012911B595006DB257 /* CrossMyBook.xcdatamodeld in Sources */ = {isa = PBXBuildFile; fileRef = EE3609FF2911B595006DB257 /* CrossMyBook.xcdatamodeld */; };
		EE360A092911B7C5006DB257 /* NotoSerif-Regular.ttf in Resources */ = {isa = PBXBuildFile; fileRef = EE360A082911B7C5006DB257 /* NotoSerif-Regular.ttf */; };
		EE3BDEFA2924812500629ACC /* AuthModel.swift in Sources */ = {isa = PBXBuildFile; fileRef = EE3BDEF92924812500629ACC /* AuthModel.swift */; };
		EE3BDEFD292481EA00629ACC /* LoginController.swift in Sources */ = {isa = PBXBuildFile; fileRef = EE3BDEFC292481EA00629ACC /* LoginController.swift */; };
		EE45DD97293BCEA800A0A3A9 /* TakeActionOnRequestController.swift in Sources */ = {isa = PBXBuildFile; fileRef = EE45DD96293BCEA800A0A3A9 /* TakeActionOnRequestController.swift */; };
		EE45DD9A293BD82600A0A3A9 /* SettingsView.swift in Sources */ = {isa = PBXBuildFile; fileRef = EE45DD99293BD82600A0A3A9 /* SettingsView.swift */; };
		EE7BEF5829369EBF0050B214 /* SplashScreenView.swift in Sources */ = {isa = PBXBuildFile; fileRef = EE7BEF5729369EBF0050B214 /* SplashScreenView.swift */; };
		EE86212C291ADCC500000345 /* MessagingView.swift in Sources */ = {isa = PBXBuildFile; fileRef = EE86212B291ADCC500000345 /* MessagingView.swift */; };
		EE86212E291ADCE300000345 /* HomeView.swift in Sources */ = {isa = PBXBuildFile; fileRef = EE86212D291ADCE300000345 /* HomeView.swift */; };
		EE862130291ADCFC00000345 /* DashboardView.swift in Sources */ = {isa = PBXBuildFile; fileRef = EE86212F291ADCFC00000345 /* DashboardView.swift */; };
		EE862132291ADD0800000345 /* CommunityView.swift in Sources */ = {isa = PBXBuildFile; fileRef = EE862131291ADD0800000345 /* CommunityView.swift */; };
		EE862134291ADD1E00000345 /* LandingView.swift in Sources */ = {isa = PBXBuildFile; fileRef = EE862133291ADD1E00000345 /* LandingView.swift */; };
		EE862136291B0B0200000345 /* TemporaryMainModel.swift in Sources */ = {isa = PBXBuildFile; fileRef = EE862135291B0B0200000345 /* TemporaryMainModel.swift */; };
		EE862138291B0B1E00000345 /* TemporaryMainController.swift in Sources */ = {isa = PBXBuildFile; fileRef = EE862137291B0B1E00000345 /* TemporaryMainController.swift */; };
		EE86213B291C0B3E00000345 /* CodeScanner in Frameworks */ = {isa = PBXBuildFile; productRef = EE86213A291C0B3E00000345 /* CodeScanner */; };
		EE9181FF2918D91A003CD0B0 /* RequestBookForm.swift in Sources */ = {isa = PBXBuildFile; fileRef = EE9181FE2918D91A003CD0B0 /* RequestBookForm.swift */; };
		EEA0B41D29199EB10077165C /* CopyDetails.swift in Sources */ = {isa = PBXBuildFile; fileRef = EEA0B41C29199EB10077165C /* CopyDetails.swift */; };
		EEA0B42029199F6B0077165C /* CopyDetailsController.swift in Sources */ = {isa = PBXBuildFile; fileRef = EEA0B41F29199F6B0077165C /* CopyDetailsController.swift */; };
		EEB27D1E293D98D0002D91E8 /* SearchPageView.swift in Sources */ = {isa = PBXBuildFile; fileRef = EEB27D1D293D98D0002D91E8 /* SearchPageView.swift */; };
		EEB27D21293D9DE5002D91E8 /* SearchModel.swift in Sources */ = {isa = PBXBuildFile; fileRef = EEB27D20293D9DE5002D91E8 /* SearchModel.swift */; };
		EEB27D23293D9E48002D91E8 /* SearchController.swift in Sources */ = {isa = PBXBuildFile; fileRef = EEB27D22293D9E48002D91E8 /* SearchController.swift */; };
		EED5F5FF291EDAB400388B3E /* AlertRequestView.swift in Sources */ = {isa = PBXBuildFile; fileRef = EED5F5FE291EDAB400388B3E /* AlertRequestView.swift */; };
		EEDC263A291DE52E009422FA /* AlertModel.swift in Sources */ = {isa = PBXBuildFile; fileRef = EEDC2639291DE52E009422FA /* AlertModel.swift */; };
		EEDC263C291DE545009422FA /* AlertController.swift in Sources */ = {isa = PBXBuildFile; fileRef = EEDC263B291DE545009422FA /* AlertController.swift */; };
		EEDC263F291DE5C1009422FA /* AlertView.swift in Sources */ = {isa = PBXBuildFile; fileRef = EEDC263E291DE5C1009422FA /* AlertView.swift */; };
		EEF4973F2939DBD0009511A9 /* MapView.swift in Sources */ = {isa = PBXBuildFile; fileRef = EEF4973E2939DBD0009511A9 /* MapView.swift */; };
/* End PBXBuildFile section */

/* Begin PBXContainerItemProxy section */
		31A4D810293D4CC800AD6870 /* PBXContainerItemProxy */ = {
			isa = PBXContainerItemProxy;
			containerPortal = EE3609E92911B594006DB257 /* Project object */;
			proxyType = 1;
			remoteGlobalIDString = EE3609F02911B594006DB257;
			remoteInfo = CrossMyBook;
		};
/* End PBXContainerItemProxy section */

/* Begin PBXFileReference section */
		3147D88B2930473300A8B479 /* FullReviewCardView.swift */ = {isa = PBXFileReference; lastKnownFileType = sourcecode.swift; path = FullReviewCardView.swift; sourceTree = "<group>"; };
		3147D88D293049B800A8B479 /* BookPreviewView.swift */ = {isa = PBXFileReference; lastKnownFileType = sourcecode.swift; path = BookPreviewView.swift; sourceTree = "<group>"; };
		3147D89029340B2200A8B479 /* Reviews.swift */ = {isa = PBXFileReference; lastKnownFileType = sourcecode.swift; path = Reviews.swift; sourceTree = "<group>"; };
		3147D89229340CD100A8B479 /* CommunityParser.swift */ = {isa = PBXFileReference; lastKnownFileType = sourcecode.swift; path = CommunityParser.swift; sourceTree = "<group>"; };
		3147D89529340FCD00A8B479 /* CommunityViewModel.swift */ = {isa = PBXFileReference; lastKnownFileType = sourcecode.swift; path = CommunityViewModel.swift; sourceTree = "<group>"; };
		31954DC92916FB0300C6AD1F /* NavBar.swift */ = {isa = PBXFileReference; lastKnownFileType = sourcecode.swift; path = NavBar.swift; sourceTree = "<group>"; };
		31954DCB2916FD4F00C6AD1F /* Font Awesome 5 Free-Regular-400.otf */ = {isa = PBXFileReference; lastKnownFileType = file; path = "Font Awesome 5 Free-Regular-400.otf"; sourceTree = "<group>"; };
		31954DCC2916FD4F00C6AD1F /* Font Awesome 5 Free-Solid-900.otf */ = {isa = PBXFileReference; lastKnownFileType = file; path = "Font Awesome 5 Free-Solid-900.otf"; sourceTree = "<group>"; };
		31954DCD2916FD4F00C6AD1F /* Font Awesome 5 Brands-Regular-400.otf */ = {isa = PBXFileReference; lastKnownFileType = file; path = "Font Awesome 5 Brands-Regular-400.otf"; sourceTree = "<group>"; };
		31954DD12917042E00C6AD1F /* BookDetailView.swift */ = {isa = PBXFileReference; lastKnownFileType = sourcecode.swift; path = BookDetailView.swift; sourceTree = "<group>"; };
		31954DD3291707EC00C6AD1F /* ColorExtension.swift */ = {isa = PBXFileReference; lastKnownFileType = sourcecode.swift; name = ColorExtension.swift; path = CrossMyBook/Views/ColorExtension.swift; sourceTree = SOURCE_ROOT; };
		31954DD5291710FF00C6AD1F /* FAIcon.swift */ = {isa = PBXFileReference; lastKnownFileType = sourcecode.swift; path = FAIcon.swift; sourceTree = "<group>"; };
		31954DD7291713D500C6AD1F /* BookCardView.swift */ = {isa = PBXFileReference; lastKnownFileType = sourcecode.swift; path = BookCardView.swift; sourceTree = "<group>"; };
		31954DD9291714B500C6AD1F /* Book.swift */ = {isa = PBXFileReference; lastKnownFileType = sourcecode.swift; name = Book.swift; path = CrossMyBook/Models/Book.swift; sourceTree = SOURCE_ROOT; };
		31954DDC2917190A00C6AD1F /* CustomText.swift */ = {isa = PBXFileReference; lastKnownFileType = sourcecode.swift; path = CustomText.swift; sourceTree = "<group>"; };
		31954DE029171EC200C6AD1F /* CopyCardView.swift */ = {isa = PBXFileReference; lastKnownFileType = sourcecode.swift; path = CopyCardView.swift; sourceTree = "<group>"; };
		31954DE229172B5600C6AD1F /* ReviewCardView.swift */ = {isa = PBXFileReference; lastKnownFileType = sourcecode.swift; path = ReviewCardView.swift; sourceTree = "<group>"; };
		31A4D80C293D4CC800AD6870 /* CrossMyBookTests.xctest */ = {isa = PBXFileReference; explicitFileType = wrapper.cfbundle; includeInIndex = 0; path = CrossMyBookTests.xctest; sourceTree = BUILT_PRODUCTS_DIR; };
		31A4D815293D4D0900AD6870 /* BookTest.swift */ = {isa = PBXFileReference; lastKnownFileType = sourcecode.swift; path = BookTest.swift; sourceTree = "<group>"; };
		31A4D81C293D52D600AD6870 /* ReviewTest.swift */ = {isa = PBXFileReference; lastKnownFileType = sourcecode.swift; path = ReviewTest.swift; sourceTree = "<group>"; };
		31A4D81E293D637000AD6870 /* PopupView.swift */ = {isa = PBXFileReference; lastKnownFileType = sourcecode.swift; path = PopupView.swift; sourceTree = "<group>"; };
		31A8794B29181C8300286ABF /* BookParser.swift */ = {isa = PBXFileReference; lastKnownFileType = sourcecode.swift; name = BookParser.swift; path = CrossMyBook/Models/BookParser.swift; sourceTree = SOURCE_ROOT; };
		31A8794D291846B000286ABF /* BookViewModel.swift */ = {isa = PBXFileReference; lastKnownFileType = sourcecode.swift; name = BookViewModel.swift; path = CrossMyBook/Views/BookViewModel.swift; sourceTree = SOURCE_ROOT; };
		31A8794F29184F8300286ABF /* BDCopy.swift */ = {isa = PBXFileReference; lastKnownFileType = sourcecode.swift; name = BDCopy.swift; path = CrossMyBook/Models/BDCopy.swift; sourceTree = SOURCE_ROOT; };
		31A8795329186AF600286ABF /* BDReview.swift */ = {isa = PBXFileReference; lastKnownFileType = sourcecode.swift; path = BDReview.swift; sourceTree = "<group>"; };
		31A879572919E8A300286ABF /* RatingsView.swift */ = {isa = PBXFileReference; lastKnownFileType = sourcecode.swift; path = RatingsView.swift; sourceTree = "<group>"; };
		31B970D329342F4000A593B0 /* CreateReviewView.swift */ = {isa = PBXFileReference; lastKnownFileType = sourcecode.swift; path = CreateReviewView.swift; sourceTree = "<group>"; };
		31B970D52934329900A593B0 /* RatingBookView.swift */ = {isa = PBXFileReference; lastKnownFileType = sourcecode.swift; path = RatingBookView.swift; sourceTree = "<group>"; };
		31B970D9293C4C8600A593B0 /* ShareView.swift */ = {isa = PBXFileReference; lastKnownFileType = sourcecode.swift; path = ShareView.swift; sourceTree = "<group>"; };
		3A6B7C192919E5D2000744EB /* ReleaseFormView.swift */ = {isa = PBXFileReference; lastKnownFileType = sourcecode.swift; path = ReleaseFormView.swift; sourceTree = "<group>"; };
		3A6B7C1B2919E603000744EB /* ReleaseSelectionView.swift */ = {isa = PBXFileReference; lastKnownFileType = sourcecode.swift; path = ReleaseSelectionView.swift; sourceTree = "<group>"; };
		3A9F99CD291A230300E3909E /* ReleaseController.swift */ = {isa = PBXFileReference; lastKnownFileType = sourcecode.swift; path = ReleaseController.swift; sourceTree = "<group>"; };
		3A9F99CF291A239200E3909E /* Release.swift */ = {isa = PBXFileReference; lastKnownFileType = sourcecode.swift; path = Release.swift; sourceTree = "<group>"; };
		3A9F9A1F291ABBA700E3909E /* ISBNBook.swift */ = {isa = PBXFileReference; lastKnownFileType = sourcecode.swift; path = ISBNBook.swift; sourceTree = "<group>"; };
		3A9F9A21291AD5F400E3909E /* ReleaseCardView.swift */ = {isa = PBXFileReference; lastKnownFileType = sourcecode.swift; path = ReleaseCardView.swift; sourceTree = "<group>"; };
		3A9F9A23291AEEE700E3909E /* Location.swift */ = {isa = PBXFileReference; lastKnownFileType = sourcecode.swift; path = Location.swift; sourceTree = "<group>"; };
		3AF1D7D3291B2F4C009C778E /* Msg.swift */ = {isa = PBXFileReference; lastKnownFileType = sourcecode.swift; path = Msg.swift; sourceTree = "<group>"; };
		3AF1D7D5291B2FF8009C778E /* ReleaseMsg.swift */ = {isa = PBXFileReference; lastKnownFileType = sourcecode.swift; path = ReleaseMsg.swift; sourceTree = "<group>"; };
		3AF1D7D7291C8677009C778E /* ReleaseFormEditView.swift */ = {isa = PBXFileReference; lastKnownFileType = sourcecode.swift; path = ReleaseFormEditView.swift; sourceTree = "<group>"; };
		3AF1D7D9291C869C009C778E /* ReleaseEditController.swift */ = {isa = PBXFileReference; lastKnownFileType = sourcecode.swift; path = ReleaseEditController.swift; sourceTree = "<group>"; };
		3AF1D7DD291D50EC009C778E /* ExistingRelease.swift */ = {isa = PBXFileReference; lastKnownFileType = sourcecode.swift; path = ExistingRelease.swift; sourceTree = "<group>"; };
		B302C8682936F73900802EB0 /* AvailableCopiesModel.swift */ = {isa = PBXFileReference; lastKnownFileType = sourcecode.swift; path = AvailableCopiesModel.swift; sourceTree = "<group>"; };
		B34756C32937043F00E7A6E6 /* AvailableCopiesController.swift */ = {isa = PBXFileReference; lastKnownFileType = sourcecode.swift; path = AvailableCopiesController.swift; sourceTree = "<group>"; };
		B368FB63291D7D9B00A97C16 /* Profile.swift */ = {isa = PBXFileReference; lastKnownFileType = sourcecode.swift; path = Profile.swift; sourceTree = "<group>"; };
		B368FB65291D7E8B00A97C16 /* ProfileController.swift */ = {isa = PBXFileReference; lastKnownFileType = sourcecode.swift; path = ProfileController.swift; sourceTree = "<group>"; };
		B374B130291A274E0093755D /* RoundedTextField.swift */ = {isa = PBXFileReference; fileEncoding = 4; lastKnownFileType = sourcecode.swift; path = RoundedTextField.swift; sourceTree = "<group>"; };
		B3ABC8C0291C14CE006C9A01 /* RequestMessage.swift */ = {isa = PBXFileReference; lastKnownFileType = sourcecode.swift; path = RequestMessage.swift; sourceTree = "<group>"; };
		B3B88249291956F100B80B7E /* SignupView.swift */ = {isa = PBXFileReference; lastKnownFileType = sourcecode.swift; path = SignupView.swift; sourceTree = "<group>"; };
		B3C5CFA0293ABAF30095A6BB /* ReviewActionController.swift */ = {isa = PBXFileReference; lastKnownFileType = sourcecode.swift; path = ReviewActionController.swift; sourceTree = "<group>"; };
		B3CB6855291B484B004DC394 /* RequestModel.swift */ = {isa = PBXFileReference; lastKnownFileType = sourcecode.swift; path = RequestModel.swift; sourceTree = "<group>"; };
		B3CB6857291B6078004DC394 /* RequestController.swift */ = {isa = PBXFileReference; lastKnownFileType = sourcecode.swift; path = RequestController.swift; sourceTree = "<group>"; };
		B3E8F9FD293152EE0083F91F /* DashboardModel.swift */ = {isa = PBXFileReference; lastKnownFileType = sourcecode.swift; path = DashboardModel.swift; sourceTree = "<group>"; };
		B3E8FA00293155090083F91F /* DashboardController.swift */ = {isa = PBXFileReference; lastKnownFileType = sourcecode.swift; path = DashboardController.swift; sourceTree = "<group>"; };
		B3EC2EF6293A86EB00D4EEAA /* ReviewsModel.swift */ = {isa = PBXFileReference; lastKnownFileType = sourcecode.swift; path = ReviewsModel.swift; sourceTree = "<group>"; };
		B3EC2EF8293A87ED00D4EEAA /* ReviewsController.swift */ = {isa = PBXFileReference; lastKnownFileType = sourcecode.swift; path = ReviewsController.swift; sourceTree = "<group>"; };
		B3EC2EFA293A893100D4EEAA /* ReviewsView.swift */ = {isa = PBXFileReference; lastKnownFileType = sourcecode.swift; path = ReviewsView.swift; sourceTree = "<group>"; };
		EE0AE85629240FFB002F2A39 /* StateUtil.swift */ = {isa = PBXFileReference; lastKnownFileType = sourcecode.swift; path = StateUtil.swift; sourceTree = "<group>"; };
		EE220BBD2913840100CEC13A /* NotoSerif-Bold.ttf */ = {isa = PBXFileReference; lastKnownFileType = file; path = "NotoSerif-Bold.ttf"; sourceTree = "<group>"; };
		EE220BC22913849500CEC13A /* LoginView.swift */ = {isa = PBXFileReference; lastKnownFileType = sourcecode.swift; path = LoginView.swift; sourceTree = "<group>"; };
		EE220BC42913978B00CEC13A /* CopyDetailsView.swift */ = {isa = PBXFileReference; lastKnownFileType = sourcecode.swift; path = CopyDetailsView.swift; sourceTree = "<group>"; };
		EE2C7C0F292FE2FD00F0A003 /* ConversationModel.swift */ = {isa = PBXFileReference; lastKnownFileType = sourcecode.swift; path = ConversationModel.swift; sourceTree = "<group>"; };
		EE2C7C13292FE36600F0A003 /* ConversationController.swift */ = {isa = PBXFileReference; lastKnownFileType = sourcecode.swift; path = ConversationController.swift; sourceTree = "<group>"; };
		EE2C7C17292FEB6500F0A003 /* ConversationView.swift */ = {isa = PBXFileReference; lastKnownFileType = sourcecode.swift; path = ConversationView.swift; sourceTree = "<group>"; };
		EE2C7C19292FF36E00F0A003 /* MessagingModel.swift */ = {isa = PBXFileReference; lastKnownFileType = sourcecode.swift; path = MessagingModel.swift; sourceTree = "<group>"; };
		EE2C7C1B292FF40F00F0A003 /* MessagingController.swift */ = {isa = PBXFileReference; lastKnownFileType = sourcecode.swift; path = MessagingController.swift; sourceTree = "<group>"; };
		EE3609F12911B594006DB257 /* CrossMyBook.app */ = {isa = PBXFileReference; explicitFileType = wrapper.application; includeInIndex = 0; path = CrossMyBook.app; sourceTree = BUILT_PRODUCTS_DIR; };
		EE3609F42911B594006DB257 /* CrossMyBookApp.swift */ = {isa = PBXFileReference; lastKnownFileType = sourcecode.swift; path = CrossMyBookApp.swift; sourceTree = "<group>"; };
		EE3609F62911B594006DB257 /* ContentView.swift */ = {isa = PBXFileReference; lastKnownFileType = sourcecode.swift; path = ContentView.swift; sourceTree = "<group>"; };
		EE3609F82911B595006DB257 /* Assets.xcassets */ = {isa = PBXFileReference; lastKnownFileType = folder.assetcatalog; path = Assets.xcassets; sourceTree = "<group>"; };
		EE3609FB2911B595006DB257 /* Preview Assets.xcassets */ = {isa = PBXFileReference; lastKnownFileType = folder.assetcatalog; path = "Preview Assets.xcassets"; sourceTree = "<group>"; };
		EE3609FD2911B595006DB257 /* Persistence.swift */ = {isa = PBXFileReference; lastKnownFileType = sourcecode.swift; path = Persistence.swift; sourceTree = "<group>"; };
		EE360A002911B595006DB257 /* CrossMyBook.xcdatamodel */ = {isa = PBXFileReference; lastKnownFileType = wrapper.xcdatamodel; path = CrossMyBook.xcdatamodel; sourceTree = "<group>"; };
		EE360A082911B7C5006DB257 /* NotoSerif-Regular.ttf */ = {isa = PBXFileReference; lastKnownFileType = file; name = "NotoSerif-Regular.ttf"; path = "CrossMyBook/Fonts/NotoSerif-Regular.ttf"; sourceTree = SOURCE_ROOT; };
		EE360A0A2911B8F3006DB257 /* Info.plist */ = {isa = PBXFileReference; lastKnownFileType = text.plist; path = Info.plist; sourceTree = "<group>"; };
		EE3BDEF92924812500629ACC /* AuthModel.swift */ = {isa = PBXFileReference; lastKnownFileType = sourcecode.swift; path = AuthModel.swift; sourceTree = "<group>"; };
		EE3BDEFC292481EA00629ACC /* LoginController.swift */ = {isa = PBXFileReference; lastKnownFileType = sourcecode.swift; path = LoginController.swift; sourceTree = "<group>"; };
		EE45DD96293BCEA800A0A3A9 /* TakeActionOnRequestController.swift */ = {isa = PBXFileReference; lastKnownFileType = sourcecode.swift; path = TakeActionOnRequestController.swift; sourceTree = "<group>"; };
		EE45DD99293BD82600A0A3A9 /* SettingsView.swift */ = {isa = PBXFileReference; lastKnownFileType = sourcecode.swift; path = SettingsView.swift; sourceTree = "<group>"; };
		EE7BEF5729369EBF0050B214 /* SplashScreenView.swift */ = {isa = PBXFileReference; lastKnownFileType = sourcecode.swift; path = SplashScreenView.swift; sourceTree = "<group>"; };
		EE86212B291ADCC500000345 /* MessagingView.swift */ = {isa = PBXFileReference; lastKnownFileType = sourcecode.swift; path = MessagingView.swift; sourceTree = "<group>"; };
		EE86212D291ADCE300000345 /* HomeView.swift */ = {isa = PBXFileReference; lastKnownFileType = sourcecode.swift; path = HomeView.swift; sourceTree = "<group>"; };
		EE86212F291ADCFC00000345 /* DashboardView.swift */ = {isa = PBXFileReference; lastKnownFileType = sourcecode.swift; path = DashboardView.swift; sourceTree = "<group>"; };
		EE862131291ADD0800000345 /* CommunityView.swift */ = {isa = PBXFileReference; lastKnownFileType = sourcecode.swift; path = CommunityView.swift; sourceTree = "<group>"; };
		EE862133291ADD1E00000345 /* LandingView.swift */ = {isa = PBXFileReference; lastKnownFileType = sourcecode.swift; path = LandingView.swift; sourceTree = "<group>"; };
		EE862135291B0B0200000345 /* TemporaryMainModel.swift */ = {isa = PBXFileReference; lastKnownFileType = sourcecode.swift; path = TemporaryMainModel.swift; sourceTree = "<group>"; };
		EE862137291B0B1E00000345 /* TemporaryMainController.swift */ = {isa = PBXFileReference; lastKnownFileType = sourcecode.swift; path = TemporaryMainController.swift; sourceTree = "<group>"; };
		EE9181FE2918D91A003CD0B0 /* RequestBookForm.swift */ = {isa = PBXFileReference; lastKnownFileType = sourcecode.swift; path = RequestBookForm.swift; sourceTree = "<group>"; };
		EEA0B41C29199EB10077165C /* CopyDetails.swift */ = {isa = PBXFileReference; lastKnownFileType = sourcecode.swift; path = CopyDetails.swift; sourceTree = "<group>"; };
		EEA0B41F29199F6B0077165C /* CopyDetailsController.swift */ = {isa = PBXFileReference; lastKnownFileType = sourcecode.swift; path = CopyDetailsController.swift; sourceTree = "<group>"; };
		EEB27D1D293D98D0002D91E8 /* SearchPageView.swift */ = {isa = PBXFileReference; lastKnownFileType = sourcecode.swift; path = SearchPageView.swift; sourceTree = "<group>"; };
		EEB27D20293D9DE5002D91E8 /* SearchModel.swift */ = {isa = PBXFileReference; lastKnownFileType = sourcecode.swift; path = SearchModel.swift; sourceTree = "<group>"; };
		EEB27D22293D9E48002D91E8 /* SearchController.swift */ = {isa = PBXFileReference; lastKnownFileType = sourcecode.swift; path = SearchController.swift; sourceTree = "<group>"; };
		EED5F5FE291EDAB400388B3E /* AlertRequestView.swift */ = {isa = PBXFileReference; lastKnownFileType = sourcecode.swift; path = AlertRequestView.swift; sourceTree = "<group>"; };
		EEDC2639291DE52E009422FA /* AlertModel.swift */ = {isa = PBXFileReference; lastKnownFileType = sourcecode.swift; path = AlertModel.swift; sourceTree = "<group>"; };
		EEDC263B291DE545009422FA /* AlertController.swift */ = {isa = PBXFileReference; lastKnownFileType = sourcecode.swift; path = AlertController.swift; sourceTree = "<group>"; };
		EEDC263E291DE5C1009422FA /* AlertView.swift */ = {isa = PBXFileReference; lastKnownFileType = sourcecode.swift; path = AlertView.swift; sourceTree = "<group>"; };
		EEF4973E2939DBD0009511A9 /* MapView.swift */ = {isa = PBXFileReference; lastKnownFileType = sourcecode.swift; path = MapView.swift; sourceTree = "<group>"; };
/* End PBXFileReference section */

/* Begin PBXFrameworksBuildPhase section */
		31A4D809293D4CC800AD6870 /* Frameworks */ = {
			isa = PBXFrameworksBuildPhase;
			buildActionMask = 2147483647;
			files = (
				31A4D819293D4F0F00AD6870 /* SDWebImageSwiftUI in Frameworks */,
			);
			runOnlyForDeploymentPostprocessing = 0;
		};
		EE3609EE2911B594006DB257 /* Frameworks */ = {
			isa = PBXFrameworksBuildPhase;
			buildActionMask = 2147483647;
			files = (
				EE86213B291C0B3E00000345 /* CodeScanner in Frameworks */,
				B3F119782933FA990055A2EE /* WrappingHStack in Frameworks */,
				EE220BC829139B9800CEC13A /* SDWebImageSwiftUI in Frameworks */,
			);
			runOnlyForDeploymentPostprocessing = 0;
		};
/* End PBXFrameworksBuildPhase section */

/* Begin PBXGroup section */
		3147D88F29340B0F00A8B479 /* CommunityModels */ = {
			isa = PBXGroup;
			children = (
				3147D89029340B2200A8B479 /* Reviews.swift */,
				3147D89229340CD100A8B479 /* CommunityParser.swift */,
			);
			name = CommunityModels;
			sourceTree = "<group>";
		};
		3147D89429340FB700A8B479 /* CommunityControllers */ = {
			isa = PBXGroup;
			children = (
				3147D89529340FCD00A8B479 /* CommunityViewModel.swift */,
			);
			path = CommunityControllers;
			sourceTree = "<group>";
		};
		31954DDB291718DD00C6AD1F /* Utils */ = {
			isa = PBXGroup;
			children = (
				B374B130291A274E0093755D /* RoundedTextField.swift */,
				31954DD3291707EC00C6AD1F /* ColorExtension.swift */,
				31954DD5291710FF00C6AD1F /* FAIcon.swift */,
				31954DDC2917190A00C6AD1F /* CustomText.swift */,
				EE0AE85629240FFB002F2A39 /* StateUtil.swift */,
			);
			name = Utils;
			sourceTree = "<group>";
		};
		31954DE429172C2100C6AD1F /* BookDetail */ = {
			isa = PBXGroup;
			children = (
				31954DD12917042E00C6AD1F /* BookDetailView.swift */,
				31954DD7291713D500C6AD1F /* BookCardView.swift */,
				31954DE029171EC200C6AD1F /* CopyCardView.swift */,
				31954DE229172B5600C6AD1F /* ReviewCardView.swift */,
				31A879572919E8A300286ABF /* RatingsView.swift */,
				31A4D81E293D637000AD6870 /* PopupView.swift */,
			);
			name = BookDetail;
			sourceTree = "<group>";
		};
		31A4D80D293D4CC800AD6870 /* CrossMyBookTests */ = {
			isa = PBXGroup;
			children = (
				31A4D815293D4D0900AD6870 /* BookTest.swift */,
				31A4D81C293D52D600AD6870 /* ReviewTest.swift */,
			);
			path = CrossMyBookTests;
			sourceTree = "<group>";
		};
		31A4D817293D4F0F00AD6870 /* Frameworks */ = {
			isa = PBXGroup;
			children = (
			);
			name = Frameworks;
			sourceTree = "<group>";
		};
		31A8795229185E3D00286ABF /* BookDetailUse */ = {
			isa = PBXGroup;
			children = (
				31954DD9291714B500C6AD1F /* Book.swift */,
				31A8794B29181C8300286ABF /* BookParser.swift */,
				31A8794F29184F8300286ABF /* BDCopy.swift */,
				31A8795329186AF600286ABF /* BDReview.swift */,
			);
			name = BookDetailUse;
			sourceTree = "<group>";
		};
		3A6B7C182919E5B6000744EB /* Release */ = {
			isa = PBXGroup;
			children = (
				3A6B7C192919E5D2000744EB /* ReleaseFormView.swift */,
				3A6B7C1B2919E603000744EB /* ReleaseSelectionView.swift */,
				3A9F9A21291AD5F400E3909E /* ReleaseCardView.swift */,
				3AF1D7D7291C8677009C778E /* ReleaseFormEditView.swift */,
			);
			name = Release;
			sourceTree = "<group>";
		};
		3A9F99CB291A22E700E3909E /* ReleaseController */ = {
			isa = PBXGroup;
			children = (
				3A9F99CD291A230300E3909E /* ReleaseController.swift */,
				3AF1D7D9291C869C009C778E /* ReleaseEditController.swift */,
			);
			path = ReleaseController;
			sourceTree = "<group>";
		};
		3A9F99CC291A22F000E3909E /* ReleaseModels */ = {
			isa = PBXGroup;
			children = (
				3A9F9A1F291ABBA700E3909E /* ISBNBook.swift */,
				3A9F99CF291A239200E3909E /* Release.swift */,
				3AF1D7D5291B2FF8009C778E /* ReleaseMsg.swift */,
				3AF1D7DD291D50EC009C778E /* ExistingRelease.swift */,
			);
			path = ReleaseModels;
			sourceTree = "<group>";
		};
		B302C8672936F70800802EB0 /* HomeModels */ = {
			isa = PBXGroup;
			children = (
				B302C8682936F73900802EB0 /* AvailableCopiesModel.swift */,
			);
			path = HomeModels;
			sourceTree = "<group>";
		};
		B34756C22937041900E7A6E6 /* HomeControllers */ = {
			isa = PBXGroup;
			children = (
				B34756C32937043F00E7A6E6 /* AvailableCopiesController.swift */,
			);
			path = HomeControllers;
			sourceTree = "<group>";
		};
		B3CB6853291B47FA004DC394 /* RequestModels */ = {
			isa = PBXGroup;
			children = (
				B3CB6855291B484B004DC394 /* RequestModel.swift */,
				B3ABC8C0291C14CE006C9A01 /* RequestMessage.swift */,
			);
			path = RequestModels;
			sourceTree = "<group>";
		};
		B3CB6854291B480E004DC394 /* RequestController */ = {
			isa = PBXGroup;
			children = (
				B3CB6857291B6078004DC394 /* RequestController.swift */,
			);
			path = RequestController;
			sourceTree = "<group>";
		};
		B3E8F9FC293152D30083F91F /* DashboardModels */ = {
			isa = PBXGroup;
			children = (
				B3E8F9FD293152EE0083F91F /* DashboardModel.swift */,
				B3EC2EF6293A86EB00D4EEAA /* ReviewsModel.swift */,
			);
			path = DashboardModels;
			sourceTree = "<group>";
		};
		B3E8F9FF293154F10083F91F /* DashboardControllers */ = {
			isa = PBXGroup;
			children = (
				B3E8FA00293155090083F91F /* DashboardController.swift */,
				B3EC2EF8293A87ED00D4EEAA /* ReviewsController.swift */,
				B3C5CFA0293ABAF30095A6BB /* ReviewActionController.swift */,
			);
			path = DashboardControllers;
			sourceTree = "<group>";
		};
		EE17A80C2925479F00904C0F /* AuthViews */ = {
			isa = PBXGroup;
			children = (
				EE220BC22913849500CEC13A /* LoginView.swift */,
				B3B88249291956F100B80B7E /* SignupView.swift */,
			);
			name = AuthViews;
			sourceTree = "<group>";
		};
		EE220BBF2913847500CEC13A /* Views */ = {
			isa = PBXGroup;
			children = (
				EE45DD98293BD81C00A0A3A9 /* SettingsView */,
				EEF4973D2939DBB7009511A9 /* MapView */,
				EE7BEF5629369EB00050B214 /* SplashScreen */,
				EE17A80C2925479F00904C0F /* AuthViews */,
				EEDC2637291DE511009422FA /* AlertView */,
				EE862128291ADC8800000345 /* CommunityView */,
				EE862127291ADC8100000345 /* DashboardView */,
				EE862126291ADC6F00000345 /* HomeView */,
				EE862125291ADC6700000345 /* MessagingView */,
				EE862124291ADC5D00000345 /* LandingView */,
				3A6B7C182919E5B6000744EB /* Release */,
				EE9181FC2918D2BF003CD0B0 /* CopyDetails */,
				31954DE429172C2100C6AD1F /* BookDetail */,
				31954DDB291718DD00C6AD1F /* Utils */,
				31954DC92916FB0300C6AD1F /* NavBar.swift */,
			);
			path = Views;
			sourceTree = "<group>";
		};
		EE220BC02913847F00CEC13A /* Models */ = {
			isa = PBXGroup;
			children = (
				EEB27D1F293D9DDC002D91E8 /* SearchModel */,
				B302C8672936F70800802EB0 /* HomeModels */,
				B3E8F9FC293152D30083F91F /* DashboardModels */,
				3147D88F29340B0F00A8B479 /* CommunityModels */,
				EE2C7C11292FE33900F0A003 /* MessagingModels */,
				EE3BDEF82924811A00629ACC /* AuthModels */,
				EEDC2638291DE51F009422FA /* AlertModels */,
				B3CB6853291B47FA004DC394 /* RequestModels */,
				3A9F99CC291A22F000E3909E /* ReleaseModels */,
				EEA0B41B29199E9A0077165C /* CopyDetailsModels */,
				31A8795229185E3D00286ABF /* BookDetailUse */,
				3A9F9A23291AEEE700E3909E /* Location.swift */,
				3AF1D7D3291B2F4C009C778E /* Msg.swift */,
				B368FB63291D7D9B00A97C16 /* Profile.swift */,
			);
			path = Models;
			sourceTree = "<group>";
		};
		EE220BC12913848600CEC13A /* Controllers */ = {
			isa = PBXGroup;
			children = (
				B34756C22937041900E7A6E6 /* HomeControllers */,
				B3E8F9FF293154F10083F91F /* DashboardControllers */,
				3147D89429340FB700A8B479 /* CommunityControllers */,
				EE2C7C12292FE34900F0A003 /* MessagingControllers */,
				EE3BDEFB292481D400629ACC /* LoginController */,
				EEDC263D291DE54B009422FA /* AlertControllers */,
				B3CB6854291B480E004DC394 /* RequestController */,
				3A9F99CB291A22E700E3909E /* ReleaseController */,
				EEA0B41E29199F580077165C /* CopyDetailsController */,
				31A8794D291846B000286ABF /* BookViewModel.swift */,
				B368FB65291D7E8B00A97C16 /* ProfileController.swift */,
				EEB27D22293D9E48002D91E8 /* SearchController.swift */,
			);
			path = Controllers;
			sourceTree = "<group>";
		};
		EE2C7C11292FE33900F0A003 /* MessagingModels */ = {
			isa = PBXGroup;
			children = (
				EE2C7C0F292FE2FD00F0A003 /* ConversationModel.swift */,
				EE2C7C19292FF36E00F0A003 /* MessagingModel.swift */,
			);
			path = MessagingModels;
			sourceTree = "<group>";
		};
		EE2C7C12292FE34900F0A003 /* MessagingControllers */ = {
			isa = PBXGroup;
			children = (
				EE2C7C13292FE36600F0A003 /* ConversationController.swift */,
				EE2C7C1B292FF40F00F0A003 /* MessagingController.swift */,
			);
			path = MessagingControllers;
			sourceTree = "<group>";
		};
		EE3609E82911B594006DB257 = {
			isa = PBXGroup;
			children = (
				EE3609F32911B594006DB257 /* CrossMyBook */,
				31A4D80D293D4CC800AD6870 /* CrossMyBookTests */,
				EE3609F22911B594006DB257 /* Products */,
				31A4D817293D4F0F00AD6870 /* Frameworks */,
			);
			sourceTree = "<group>";
		};
		EE3609F22911B594006DB257 /* Products */ = {
			isa = PBXGroup;
			children = (
				EE3609F12911B594006DB257 /* CrossMyBook.app */,
				31A4D80C293D4CC800AD6870 /* CrossMyBookTests.xctest */,
			);
			name = Products;
			sourceTree = "<group>";
		};
		EE3609F32911B594006DB257 /* CrossMyBook */ = {
			isa = PBXGroup;
			children = (
				EE220BC12913848600CEC13A /* Controllers */,
				EE220BC02913847F00CEC13A /* Models */,
				EE220BBF2913847500CEC13A /* Views */,
				EE360A0A2911B8F3006DB257 /* Info.plist */,
				EE360A072911B7B3006DB257 /* Fonts */,
				EE3609F42911B594006DB257 /* CrossMyBookApp.swift */,
				EE3609F62911B594006DB257 /* ContentView.swift */,
				EE3609F82911B595006DB257 /* Assets.xcassets */,
				EE3609FD2911B595006DB257 /* Persistence.swift */,
				EE3609FF2911B595006DB257 /* CrossMyBook.xcdatamodeld */,
				EE3609FA2911B595006DB257 /* Preview Content */,
			);
			path = CrossMyBook;
			sourceTree = "<group>";
		};
		EE3609FA2911B595006DB257 /* Preview Content */ = {
			isa = PBXGroup;
			children = (
				EE3609FB2911B595006DB257 /* Preview Assets.xcassets */,
			);
			path = "Preview Content";
			sourceTree = "<group>";
		};
		EE360A072911B7B3006DB257 /* Fonts */ = {
			isa = PBXGroup;
			children = (
				31954DCD2916FD4F00C6AD1F /* Font Awesome 5 Brands-Regular-400.otf */,
				31954DCB2916FD4F00C6AD1F /* Font Awesome 5 Free-Regular-400.otf */,
				31954DCC2916FD4F00C6AD1F /* Font Awesome 5 Free-Solid-900.otf */,
				EE220BBD2913840100CEC13A /* NotoSerif-Bold.ttf */,
				EE360A082911B7C5006DB257 /* NotoSerif-Regular.ttf */,
			);
			path = Fonts;
			sourceTree = "<group>";
		};
		EE3BDEF82924811A00629ACC /* AuthModels */ = {
			isa = PBXGroup;
			children = (
				EE3BDEF92924812500629ACC /* AuthModel.swift */,
			);
			path = AuthModels;
			sourceTree = "<group>";
		};
		EE3BDEFB292481D400629ACC /* LoginController */ = {
			isa = PBXGroup;
			children = (
				EE3BDEFC292481EA00629ACC /* LoginController.swift */,
			);
			path = LoginController;
			sourceTree = "<group>";
		};
		EE45DD98293BD81C00A0A3A9 /* SettingsView */ = {
			isa = PBXGroup;
			children = (
				EE45DD99293BD82600A0A3A9 /* SettingsView.swift */,
			);
			name = SettingsView;
			sourceTree = "<group>";
		};
		EE7BEF5629369EB00050B214 /* SplashScreen */ = {
			isa = PBXGroup;
			children = (
				EE7BEF5729369EBF0050B214 /* SplashScreenView.swift */,
			);
			name = SplashScreen;
			sourceTree = "<group>";
		};
		EE862124291ADC5D00000345 /* LandingView */ = {
			isa = PBXGroup;
			children = (
				EE862133291ADD1E00000345 /* LandingView.swift */,
			);
			name = LandingView;
			sourceTree = "<group>";
		};
		EE862125291ADC6700000345 /* MessagingView */ = {
			isa = PBXGroup;
			children = (
				EE86212B291ADCC500000345 /* MessagingView.swift */,
				EE2C7C17292FEB6500F0A003 /* ConversationView.swift */,
			);
			name = MessagingView;
			sourceTree = "<group>";
		};
		EE862126291ADC6F00000345 /* HomeView */ = {
			isa = PBXGroup;
			children = (
				EE86212D291ADCE300000345 /* HomeView.swift */,
				EE862135291B0B0200000345 /* TemporaryMainModel.swift */,
				EE862137291B0B1E00000345 /* TemporaryMainController.swift */,
				EEB27D1D293D98D0002D91E8 /* SearchPageView.swift */,
			);
			name = HomeView;
			sourceTree = "<group>";
		};
		EE862127291ADC8100000345 /* DashboardView */ = {
			isa = PBXGroup;
			children = (
				EE86212F291ADCFC00000345 /* DashboardView.swift */,
				B3EC2EFA293A893100D4EEAA /* ReviewsView.swift */,
			);
			name = DashboardView;
			sourceTree = "<group>";
		};
		EE862128291ADC8800000345 /* CommunityView */ = {
			isa = PBXGroup;
			children = (
				EE862131291ADD0800000345 /* CommunityView.swift */,
				3147D88B2930473300A8B479 /* FullReviewCardView.swift */,
				3147D88D293049B800A8B479 /* BookPreviewView.swift */,
				31B970D329342F4000A593B0 /* CreateReviewView.swift */,
				31B970D52934329900A593B0 /* RatingBookView.swift */,
				31B970D9293C4C8600A593B0 /* ShareView.swift */,
			);
			name = CommunityView;
			sourceTree = "<group>";
		};
		EE9181FC2918D2BF003CD0B0 /* CopyDetails */ = {
			isa = PBXGroup;
			children = (
				EE220BC42913978B00CEC13A /* CopyDetailsView.swift */,
				EE9181FE2918D91A003CD0B0 /* RequestBookForm.swift */,
			);
			name = CopyDetails;
			sourceTree = "<group>";
		};
		EEA0B41B29199E9A0077165C /* CopyDetailsModels */ = {
			isa = PBXGroup;
			children = (
				EEA0B41C29199EB10077165C /* CopyDetails.swift */,
			);
			path = CopyDetailsModels;
			sourceTree = "<group>";
		};
		EEA0B41E29199F580077165C /* CopyDetailsController */ = {
			isa = PBXGroup;
			children = (
				EEA0B41F29199F6B0077165C /* CopyDetailsController.swift */,
			);
			path = CopyDetailsController;
			sourceTree = "<group>";
		};
		EEB27D1F293D9DDC002D91E8 /* SearchModel */ = {
			isa = PBXGroup;
			children = (
				EEB27D20293D9DE5002D91E8 /* SearchModel.swift */,
			);
			path = SearchModel;
			sourceTree = "<group>";
		};
		EEDC2637291DE511009422FA /* AlertView */ = {
			isa = PBXGroup;
			children = (
				EEDC263E291DE5C1009422FA /* AlertView.swift */,
				EED5F5FE291EDAB400388B3E /* AlertRequestView.swift */,
			);
			name = AlertView;
			sourceTree = "<group>";
		};
		EEDC2638291DE51F009422FA /* AlertModels */ = {
			isa = PBXGroup;
			children = (
				EEDC2639291DE52E009422FA /* AlertModel.swift */,
			);
			path = AlertModels;
			sourceTree = "<group>";
		};
		EEDC263D291DE54B009422FA /* AlertControllers */ = {
			isa = PBXGroup;
			children = (
				EEDC263B291DE545009422FA /* AlertController.swift */,
				EE45DD96293BCEA800A0A3A9 /* TakeActionOnRequestController.swift */,
			);
			path = AlertControllers;
			sourceTree = "<group>";
		};
		EEF4973D2939DBB7009511A9 /* MapView */ = {
			isa = PBXGroup;
			children = (
				EEF4973E2939DBD0009511A9 /* MapView.swift */,
			);
			name = MapView;
			sourceTree = "<group>";
		};
/* End PBXGroup section */

/* Begin PBXNativeTarget section */
		31A4D80B293D4CC800AD6870 /* CrossMyBookTests */ = {
			isa = PBXNativeTarget;
			buildConfigurationList = 31A4D812293D4CC800AD6870 /* Build configuration list for PBXNativeTarget "CrossMyBookTests" */;
			buildPhases = (
				31A4D808293D4CC800AD6870 /* Sources */,
				31A4D809293D4CC800AD6870 /* Frameworks */,
				31A4D80A293D4CC800AD6870 /* Resources */,
			);
			buildRules = (
			);
			dependencies = (
				31A4D81B293D4F3A00AD6870 /* PBXTargetDependency */,
				31A4D811293D4CC800AD6870 /* PBXTargetDependency */,
			);
			name = CrossMyBookTests;
			packageProductDependencies = (
				31A4D818293D4F0F00AD6870 /* SDWebImageSwiftUI */,
			);
			productName = CrossMyBookTests;
			productReference = 31A4D80C293D4CC800AD6870 /* CrossMyBookTests.xctest */;
			productType = "com.apple.product-type.bundle.unit-test";
		};
		EE3609F02911B594006DB257 /* CrossMyBook */ = {
			isa = PBXNativeTarget;
			buildConfigurationList = EE360A042911B595006DB257 /* Build configuration list for PBXNativeTarget "CrossMyBook" */;
			buildPhases = (
				EE3609ED2911B594006DB257 /* Sources */,
				EE3609EE2911B594006DB257 /* Frameworks */,
				EE3609EF2911B594006DB257 /* Resources */,
			);
			buildRules = (
			);
			dependencies = (
			);
			name = CrossMyBook;
			packageProductDependencies = (
				EE220BC729139B9800CEC13A /* SDWebImageSwiftUI */,
				EE86213A291C0B3E00000345 /* CodeScanner */,
				B3F119772933FA990055A2EE /* WrappingHStack */,
			);
			productName = CrossMyBook;
			productReference = EE3609F12911B594006DB257 /* CrossMyBook.app */;
			productType = "com.apple.product-type.application";
		};
/* End PBXNativeTarget section */

/* Begin PBXProject section */
		EE3609E92911B594006DB257 /* Project object */ = {
			isa = PBXProject;
			attributes = {
				BuildIndependentTargetsInParallel = 1;
				LastSwiftUpdateCheck = 1410;
				LastUpgradeCheck = 1400;
				TargetAttributes = {
					31A4D80B293D4CC800AD6870 = {
						CreatedOnToolsVersion = 14.1;
						TestTargetID = EE3609F02911B594006DB257;
					};
					EE3609F02911B594006DB257 = {
						CreatedOnToolsVersion = 14.0.1;
					};
				};
			};
			buildConfigurationList = EE3609EC2911B594006DB257 /* Build configuration list for PBXProject "CrossMyBook" */;
			compatibilityVersion = "Xcode 14.0";
			developmentRegion = en;
			hasScannedForEncodings = 0;
			knownRegions = (
				en,
				Base,
			);
			mainGroup = EE3609E82911B594006DB257;
			packageReferences = (
				EE220BC629139B9800CEC13A /* XCRemoteSwiftPackageReference "SDWebImageSwiftUI" */,
				EE862139291C0B3E00000345 /* XCRemoteSwiftPackageReference "CodeScanner" */,
				B3F119762933FA990055A2EE /* XCRemoteSwiftPackageReference "WrappingHStack" */,
			);
			productRefGroup = EE3609F22911B594006DB257 /* Products */;
			projectDirPath = "";
			projectRoot = "";
			targets = (
				EE3609F02911B594006DB257 /* CrossMyBook */,
				31A4D80B293D4CC800AD6870 /* CrossMyBookTests */,
			);
		};
/* End PBXProject section */

/* Begin PBXResourcesBuildPhase section */
		31A4D80A293D4CC800AD6870 /* Resources */ = {
			isa = PBXResourcesBuildPhase;
			buildActionMask = 2147483647;
			files = (
			);
			runOnlyForDeploymentPostprocessing = 0;
		};
		EE3609EF2911B594006DB257 /* Resources */ = {
			isa = PBXResourcesBuildPhase;
			buildActionMask = 2147483647;
			files = (
				EE3609FC2911B595006DB257 /* Preview Assets.xcassets in Resources */,
				EE220BBE2913840200CEC13A /* NotoSerif-Bold.ttf in Resources */,
				EE360A092911B7C5006DB257 /* NotoSerif-Regular.ttf in Resources */,
				31954DCF2916FD4F00C6AD1F /* Font Awesome 5 Free-Solid-900.otf in Resources */,
				EE3609F92911B595006DB257 /* Assets.xcassets in Resources */,
				31954DD02916FD4F00C6AD1F /* Font Awesome 5 Brands-Regular-400.otf in Resources */,
				31954DCE2916FD4F00C6AD1F /* Font Awesome 5 Free-Regular-400.otf in Resources */,
			);
			runOnlyForDeploymentPostprocessing = 0;
		};
/* End PBXResourcesBuildPhase section */

/* Begin PBXSourcesBuildPhase section */
		31A4D808293D4CC800AD6870 /* Sources */ = {
			isa = PBXSourcesBuildPhase;
			buildActionMask = 2147483647;
			files = (
				31A4D816293D4D0900AD6870 /* BookTest.swift in Sources */,
				31A4D81D293D52D600AD6870 /* ReviewTest.swift in Sources */,
			);
			runOnlyForDeploymentPostprocessing = 0;
		};
		EE3609ED2911B594006DB257 /* Sources */ = {
			isa = PBXSourcesBuildPhase;
			buildActionMask = 2147483647;
			files = (
				B3EC2EF9293A87ED00D4EEAA /* ReviewsController.swift in Sources */,
				EE3BDEFA2924812500629ACC /* AuthModel.swift in Sources */,
				3AF1D7D6291B2FF8009C778E /* ReleaseMsg.swift in Sources */,
				3A6B7C1A2919E5D2000744EB /* ReleaseFormView.swift in Sources */,
				31A8795029184F8300286ABF /* BDCopy.swift in Sources */,
				3A6B7C1A2919E5D2000744EB /* ReleaseFormView.swift in Sources */,
				B3CB6858291B6078004DC394 /* RequestController.swift in Sources */,
				EE86212C291ADCC500000345 /* MessagingView.swift in Sources */,
				31A8795029184F8300286ABF /* BDCopy.swift in Sources */,
				3AF1D7DE291D50EC009C778E /* ExistingRelease.swift in Sources */,
				31954DDD2917190A00C6AD1F /* CustomText.swift in Sources */,
				B3E8FA01293155090083F91F /* DashboardController.swift in Sources */,
				3147D89329340CD100A8B479 /* CommunityParser.swift in Sources */,
				31954DE129171EC200C6AD1F /* CopyCardView.swift in Sources */,
				31954DE329172B5600C6AD1F /* ReviewCardView.swift in Sources */,
				EE2C7C1C292FF40F00F0A003 /* MessagingController.swift in Sources */,
				EE0AE85729240FFB002F2A39 /* StateUtil.swift in Sources */,
				B34756C42937043F00E7A6E6 /* AvailableCopiesController.swift in Sources */,
				3AF1D7D8291C8677009C778E /* ReleaseFormEditView.swift in Sources */,
				31A8795429186AF600286ABF /* BDReview.swift in Sources */,
				31954DD22917042E00C6AD1F /* BookDetailView.swift in Sources */,
				EE45DD9A293BD82600A0A3A9 /* SettingsView.swift in Sources */,
				3147D89629340FCD00A8B479 /* CommunityViewModel.swift in Sources */,
				3A9F99D0291A239200E3909E /* Release.swift in Sources */,
				B3ABC8C1291C14CE006C9A01 /* RequestMessage.swift in Sources */,
				B302C8692936F73A00802EB0 /* AvailableCopiesModel.swift in Sources */,
				EEDC263A291DE52E009422FA /* AlertModel.swift in Sources */,
				B374B131291A274E0093755D /* RoundedTextField.swift in Sources */,
				EE862136291B0B0200000345 /* TemporaryMainModel.swift in Sources */,
				3A9F9A22291AD5F400E3909E /* ReleaseCardView.swift in Sources */,
				EED5F5FF291EDAB400388B3E /* AlertRequestView.swift in Sources */,
				31B970D62934329900A593B0 /* RatingBookView.swift in Sources */,
				EE862138291B0B1E00000345 /* TemporaryMainController.swift in Sources */,
				31A8794C29181C8300286ABF /* BookParser.swift in Sources */,
				31A879582919E8A300286ABF /* RatingsView.swift in Sources */,
				EE220BC52913978B00CEC13A /* CopyDetailsView.swift in Sources */,
				EEA0B41D29199EB10077165C /* CopyDetails.swift in Sources */,
				3147D88C2930473300A8B479 /* FullReviewCardView.swift in Sources */,
				3AF1D7D4291B2F4C009C778E /* Msg.swift in Sources */,
				EE3609FE2911B595006DB257 /* Persistence.swift in Sources */,
				31B970DA293C4C8600A593B0 /* ShareView.swift in Sources */,
				31954DD8291713D500C6AD1F /* BookCardView.swift in Sources */,
				31954DD4291707EC00C6AD1F /* ColorExtension.swift in Sources */,
				B3EC2EFB293A893100D4EEAA /* ReviewsView.swift in Sources */,
				B3B8824A291956F100B80B7E /* SignupView.swift in Sources */,
				31A4D81F293D637000AD6870 /* PopupView.swift in Sources */,
				B368FB64291D7D9B00A97C16 /* Profile.swift in Sources */,
				EE9181FF2918D91A003CD0B0 /* RequestBookForm.swift in Sources */,
				EE2C7C18292FEB6500F0A003 /* ConversationView.swift in Sources */,
				B368FB66291D7E8B00A97C16 /* ProfileController.swift in Sources */,
				3A9F9A20291ABBA700E3909E /* ISBNBook.swift in Sources */,
				EE7BEF5829369EBF0050B214 /* SplashScreenView.swift in Sources */,
				EE86212E291ADCE300000345 /* HomeView.swift in Sources */,
				3A9F9A24291AEEE700E3909E /* Location.swift in Sources */,
				EEA0B42029199F6B0077165C /* CopyDetailsController.swift in Sources */,
				EE2C7C14292FE36600F0A003 /* ConversationController.swift in Sources */,
				EE3609F72911B594006DB257 /* ContentView.swift in Sources */,
				3147D89129340B2200A8B479 /* Reviews.swift in Sources */,
				B3CB6856291B484B004DC394 /* RequestModel.swift in Sources */,
				3A6B7C1C2919E603000744EB /* ReleaseSelectionView.swift in Sources */,
				EEF4973F2939DBD0009511A9 /* MapView.swift in Sources */,
				EE2C7C10292FE2FD00F0A003 /* ConversationModel.swift in Sources */,
				EE862130291ADCFC00000345 /* DashboardView.swift in Sources */,
				EE45DD97293BCEA800A0A3A9 /* TakeActionOnRequestController.swift in Sources */,
				EEDC263C291DE545009422FA /* AlertController.swift in Sources */,
				31A8794E291846B000286ABF /* BookViewModel.swift in Sources */,
				3A6B7C1C2919E603000744EB /* ReleaseSelectionView.swift in Sources */,
				EEB27D1E293D98D0002D91E8 /* SearchPageView.swift in Sources */,
				EE2C7C1A292FF36E00F0A003 /* MessagingModel.swift in Sources */,
				31A8794E291846B000286ABF /* BookViewModel.swift in Sources */,
				EE3609F52911B594006DB257 /* CrossMyBookApp.swift in Sources */,
				31B970D429342F4000A593B0 /* CreateReviewView.swift in Sources */,
				EEB27D23293D9E48002D91E8 /* SearchController.swift in Sources */,
				EE3BDEFD292481EA00629ACC /* LoginController.swift in Sources */,
				B3E8F9FE293152EE0083F91F /* DashboardModel.swift in Sources */,
				EE862132291ADD0800000345 /* CommunityView.swift in Sources */,
				3A9F99CE291A230300E3909E /* ReleaseController.swift in Sources */,
				31954DCA2916FB0300C6AD1F /* NavBar.swift in Sources */,
				31954DDA291714B500C6AD1F /* Book.swift in Sources */,
				EEDC263F291DE5C1009422FA /* AlertView.swift in Sources */,
				EE862134291ADD1E00000345 /* LandingView.swift in Sources */,
				3147D88E293049B800A8B479 /* BookPreviewView.swift in Sources */,
				EE220BC32913849500CEC13A /* LoginView.swift in Sources */,
				EE360A012911B595006DB257 /* CrossMyBook.xcdatamodeld in Sources */,
				EEB27D21293D9DE5002D91E8 /* SearchModel.swift in Sources */,
				B3EC2EF7293A86EB00D4EEAA /* ReviewsModel.swift in Sources */,
				B3C5CFA1293ABAF30095A6BB /* ReviewActionController.swift in Sources */,
				31954DD6291710FF00C6AD1F /* FAIcon.swift in Sources */,
				3AF1D7DA291C869C009C778E /* ReleaseEditController.swift in Sources */,
			);
			runOnlyForDeploymentPostprocessing = 0;
		};
/* End PBXSourcesBuildPhase section */

/* Begin PBXTargetDependency section */
		31A4D811293D4CC800AD6870 /* PBXTargetDependency */ = {
			isa = PBXTargetDependency;
			target = EE3609F02911B594006DB257 /* CrossMyBook */;
			targetProxy = 31A4D810293D4CC800AD6870 /* PBXContainerItemProxy */;
		};
		31A4D81B293D4F3A00AD6870 /* PBXTargetDependency */ = {
			isa = PBXTargetDependency;
			productRef = 31A4D81A293D4F3A00AD6870 /* SDWebImageSwiftUI */;
		};
/* End PBXTargetDependency section */

/* Begin XCBuildConfiguration section */
		31A4D813293D4CC800AD6870 /* Debug */ = {
			isa = XCBuildConfiguration;
			buildSettings = {
				BUNDLE_LOADER = "$(TEST_HOST)";
				CODE_SIGN_STYLE = Automatic;
				CURRENT_PROJECT_VERSION = 1;
				GENERATE_INFOPLIST_FILE = YES;
				IPHONEOS_DEPLOYMENT_TARGET = 16.1;
				MARKETING_VERSION = 1.0;
				PRODUCT_BUNDLE_IDENTIFIER = com.cmb.CrossMyBookTests;
				PRODUCT_NAME = "$(TARGET_NAME)";
				SWIFT_EMIT_LOC_STRINGS = NO;
				SWIFT_VERSION = 5.0;
				TARGETED_DEVICE_FAMILY = "1,2";
				TEST_HOST = "$(BUILT_PRODUCTS_DIR)/CrossMyBook.app/$(BUNDLE_EXECUTABLE_FOLDER_PATH)/CrossMyBook";
			};
			name = Debug;
		};
		31A4D814293D4CC800AD6870 /* Release */ = {
			isa = XCBuildConfiguration;
			buildSettings = {
				BUNDLE_LOADER = "$(TEST_HOST)";
				CODE_SIGN_STYLE = Automatic;
				CURRENT_PROJECT_VERSION = 1;
				GENERATE_INFOPLIST_FILE = YES;
				IPHONEOS_DEPLOYMENT_TARGET = 16.1;
				MARKETING_VERSION = 1.0;
				PRODUCT_BUNDLE_IDENTIFIER = com.cmb.CrossMyBookTests;
				PRODUCT_NAME = "$(TARGET_NAME)";
				SWIFT_EMIT_LOC_STRINGS = NO;
				SWIFT_VERSION = 5.0;
				TARGETED_DEVICE_FAMILY = "1,2";
				TEST_HOST = "$(BUILT_PRODUCTS_DIR)/CrossMyBook.app/$(BUNDLE_EXECUTABLE_FOLDER_PATH)/CrossMyBook";
			};
			name = Release;
		};
		EE360A022911B595006DB257 /* Debug */ = {
			isa = XCBuildConfiguration;
			buildSettings = {
				ALWAYS_SEARCH_USER_PATHS = NO;
				CLANG_ANALYZER_NONNULL = YES;
				CLANG_ANALYZER_NUMBER_OBJECT_CONVERSION = YES_AGGRESSIVE;
				CLANG_CXX_LANGUAGE_STANDARD = "gnu++20";
				CLANG_ENABLE_MODULES = YES;
				CLANG_ENABLE_OBJC_ARC = YES;
				CLANG_ENABLE_OBJC_WEAK = YES;
				CLANG_WARN_BLOCK_CAPTURE_AUTORELEASING = YES;
				CLANG_WARN_BOOL_CONVERSION = YES;
				CLANG_WARN_COMMA = YES;
				CLANG_WARN_CONSTANT_CONVERSION = YES;
				CLANG_WARN_DEPRECATED_OBJC_IMPLEMENTATIONS = YES;
				CLANG_WARN_DIRECT_OBJC_ISA_USAGE = YES_ERROR;
				CLANG_WARN_DOCUMENTATION_COMMENTS = YES;
				CLANG_WARN_EMPTY_BODY = YES;
				CLANG_WARN_ENUM_CONVERSION = YES;
				CLANG_WARN_INFINITE_RECURSION = YES;
				CLANG_WARN_INT_CONVERSION = YES;
				CLANG_WARN_NON_LITERAL_NULL_CONVERSION = YES;
				CLANG_WARN_OBJC_IMPLICIT_RETAIN_SELF = YES;
				CLANG_WARN_OBJC_LITERAL_CONVERSION = YES;
				CLANG_WARN_OBJC_ROOT_CLASS = YES_ERROR;
				CLANG_WARN_QUOTED_INCLUDE_IN_FRAMEWORK_HEADER = YES;
				CLANG_WARN_RANGE_LOOP_ANALYSIS = YES;
				CLANG_WARN_STRICT_PROTOTYPES = YES;
				CLANG_WARN_SUSPICIOUS_MOVE = YES;
				CLANG_WARN_UNGUARDED_AVAILABILITY = YES_AGGRESSIVE;
				CLANG_WARN_UNREACHABLE_CODE = YES;
				CLANG_WARN__DUPLICATE_METHOD_MATCH = YES;
				COPY_PHASE_STRIP = NO;
				DEBUG_INFORMATION_FORMAT = dwarf;
				ENABLE_STRICT_OBJC_MSGSEND = YES;
				ENABLE_TESTABILITY = YES;
				GCC_C_LANGUAGE_STANDARD = gnu11;
				GCC_DYNAMIC_NO_PIC = NO;
				GCC_NO_COMMON_BLOCKS = YES;
				GCC_OPTIMIZATION_LEVEL = 0;
				GCC_PREPROCESSOR_DEFINITIONS = (
					"DEBUG=1",
					"$(inherited)",
				);
				GCC_WARN_64_TO_32_BIT_CONVERSION = YES;
				GCC_WARN_ABOUT_RETURN_TYPE = YES_ERROR;
				GCC_WARN_UNDECLARED_SELECTOR = YES;
				GCC_WARN_UNINITIALIZED_AUTOS = YES_AGGRESSIVE;
				GCC_WARN_UNUSED_FUNCTION = YES;
				GCC_WARN_UNUSED_VARIABLE = YES;
				IPHONEOS_DEPLOYMENT_TARGET = 16.0;
				MTL_ENABLE_DEBUG_INFO = INCLUDE_SOURCE;
				MTL_FAST_MATH = YES;
				ONLY_ACTIVE_ARCH = YES;
				SDKROOT = iphoneos;
				SWIFT_ACTIVE_COMPILATION_CONDITIONS = DEBUG;
				SWIFT_OPTIMIZATION_LEVEL = "-Onone";
			};
			name = Debug;
		};
		EE360A032911B595006DB257 /* Release */ = {
			isa = XCBuildConfiguration;
			buildSettings = {
				ALWAYS_SEARCH_USER_PATHS = NO;
				CLANG_ANALYZER_NONNULL = YES;
				CLANG_ANALYZER_NUMBER_OBJECT_CONVERSION = YES_AGGRESSIVE;
				CLANG_CXX_LANGUAGE_STANDARD = "gnu++20";
				CLANG_ENABLE_MODULES = YES;
				CLANG_ENABLE_OBJC_ARC = YES;
				CLANG_ENABLE_OBJC_WEAK = YES;
				CLANG_WARN_BLOCK_CAPTURE_AUTORELEASING = YES;
				CLANG_WARN_BOOL_CONVERSION = YES;
				CLANG_WARN_COMMA = YES;
				CLANG_WARN_CONSTANT_CONVERSION = YES;
				CLANG_WARN_DEPRECATED_OBJC_IMPLEMENTATIONS = YES;
				CLANG_WARN_DIRECT_OBJC_ISA_USAGE = YES_ERROR;
				CLANG_WARN_DOCUMENTATION_COMMENTS = YES;
				CLANG_WARN_EMPTY_BODY = YES;
				CLANG_WARN_ENUM_CONVERSION = YES;
				CLANG_WARN_INFINITE_RECURSION = YES;
				CLANG_WARN_INT_CONVERSION = YES;
				CLANG_WARN_NON_LITERAL_NULL_CONVERSION = YES;
				CLANG_WARN_OBJC_IMPLICIT_RETAIN_SELF = YES;
				CLANG_WARN_OBJC_LITERAL_CONVERSION = YES;
				CLANG_WARN_OBJC_ROOT_CLASS = YES_ERROR;
				CLANG_WARN_QUOTED_INCLUDE_IN_FRAMEWORK_HEADER = YES;
				CLANG_WARN_RANGE_LOOP_ANALYSIS = YES;
				CLANG_WARN_STRICT_PROTOTYPES = YES;
				CLANG_WARN_SUSPICIOUS_MOVE = YES;
				CLANG_WARN_UNGUARDED_AVAILABILITY = YES_AGGRESSIVE;
				CLANG_WARN_UNREACHABLE_CODE = YES;
				CLANG_WARN__DUPLICATE_METHOD_MATCH = YES;
				COPY_PHASE_STRIP = NO;
				DEBUG_INFORMATION_FORMAT = "dwarf-with-dsym";
				ENABLE_NS_ASSERTIONS = NO;
				ENABLE_STRICT_OBJC_MSGSEND = YES;
				GCC_C_LANGUAGE_STANDARD = gnu11;
				GCC_NO_COMMON_BLOCKS = YES;
				GCC_WARN_64_TO_32_BIT_CONVERSION = YES;
				GCC_WARN_ABOUT_RETURN_TYPE = YES_ERROR;
				GCC_WARN_UNDECLARED_SELECTOR = YES;
				GCC_WARN_UNINITIALIZED_AUTOS = YES_AGGRESSIVE;
				GCC_WARN_UNUSED_FUNCTION = YES;
				GCC_WARN_UNUSED_VARIABLE = YES;
				IPHONEOS_DEPLOYMENT_TARGET = 16.0;
				MTL_ENABLE_DEBUG_INFO = NO;
				MTL_FAST_MATH = YES;
				SDKROOT = iphoneos;
				SWIFT_COMPILATION_MODE = wholemodule;
				SWIFT_OPTIMIZATION_LEVEL = "-O";
				VALIDATE_PRODUCT = YES;
			};
			name = Release;
		};
		EE360A052911B595006DB257 /* Debug */ = {
			isa = XCBuildConfiguration;
			buildSettings = {
				ASSETCATALOG_COMPILER_APPICON_NAME = AppIcon;
				ASSETCATALOG_COMPILER_GLOBAL_ACCENT_COLOR_NAME = AccentColor;
				CODE_SIGN_STYLE = Automatic;
				CURRENT_PROJECT_VERSION = 1;
				DEVELOPMENT_ASSET_PATHS = "\"CrossMyBook/Preview Content\"";
				DEVELOPMENT_TEAM = GZTC5C4KZH;
				ENABLE_PREVIEWS = YES;
				GENERATE_INFOPLIST_FILE = YES;
				INFOPLIST_FILE = CrossMyBook/Info.plist;
				INFOPLIST_KEY_NSCameraUsageDescription = "Need camera to scan Barcodes of ISBN";
				INFOPLIST_KEY_NSLocationWhenInUseUsageDescription = "This app would like to use your location.";
				INFOPLIST_KEY_NSPhotoLibraryAddUsageDescription = "Needed to save review image";
				INFOPLIST_KEY_UIApplicationSceneManifest_Generation = YES;
				INFOPLIST_KEY_UIApplicationSupportsIndirectInputEvents = YES;
				INFOPLIST_KEY_UILaunchScreen_Generation = YES;
				INFOPLIST_KEY_UISupportedInterfaceOrientations_iPad = "UIInterfaceOrientationPortrait UIInterfaceOrientationPortraitUpsideDown UIInterfaceOrientationLandscapeLeft UIInterfaceOrientationLandscapeRight";
				INFOPLIST_KEY_UISupportedInterfaceOrientations_iPhone = "UIInterfaceOrientationPortrait UIInterfaceOrientationLandscapeLeft UIInterfaceOrientationLandscapeRight";
				LD_RUNPATH_SEARCH_PATHS = (
					"$(inherited)",
					"@executable_path/Frameworks",
				);
				MARKETING_VERSION = 1.0;
				PRODUCT_BUNDLE_IDENTIFIER = com.femindharamshi.CrossMyBook;
				PRODUCT_NAME = "$(TARGET_NAME)";
				SWIFT_EMIT_LOC_STRINGS = YES;
				SWIFT_VERSION = 5.0;
				TARGETED_DEVICE_FAMILY = "1,2";
			};
			name = Debug;
		};
		EE360A062911B595006DB257 /* Release */ = {
			isa = XCBuildConfiguration;
			buildSettings = {
				ASSETCATALOG_COMPILER_APPICON_NAME = AppIcon;
				ASSETCATALOG_COMPILER_GLOBAL_ACCENT_COLOR_NAME = AccentColor;
				CODE_SIGN_STYLE = Automatic;
				CURRENT_PROJECT_VERSION = 1;
				DEVELOPMENT_ASSET_PATHS = "\"CrossMyBook/Preview Content\"";
				DEVELOPMENT_TEAM = GZTC5C4KZH;
				ENABLE_PREVIEWS = YES;
				GENERATE_INFOPLIST_FILE = YES;
				INFOPLIST_FILE = CrossMyBook/Info.plist;
				INFOPLIST_KEY_NSCameraUsageDescription = "Need camera to scan Barcodes of ISBN";
				INFOPLIST_KEY_NSLocationWhenInUseUsageDescription = "This app would like to use your location.";
				INFOPLIST_KEY_NSPhotoLibraryAddUsageDescription = "Needed to save review image";
				INFOPLIST_KEY_UIApplicationSceneManifest_Generation = YES;
				INFOPLIST_KEY_UIApplicationSupportsIndirectInputEvents = YES;
				INFOPLIST_KEY_UILaunchScreen_Generation = YES;
				INFOPLIST_KEY_UISupportedInterfaceOrientations_iPad = "UIInterfaceOrientationPortrait UIInterfaceOrientationPortraitUpsideDown UIInterfaceOrientationLandscapeLeft UIInterfaceOrientationLandscapeRight";
				INFOPLIST_KEY_UISupportedInterfaceOrientations_iPhone = "UIInterfaceOrientationPortrait UIInterfaceOrientationLandscapeLeft UIInterfaceOrientationLandscapeRight";
				LD_RUNPATH_SEARCH_PATHS = (
					"$(inherited)",
					"@executable_path/Frameworks",
				);
				MARKETING_VERSION = 1.0;
				PRODUCT_BUNDLE_IDENTIFIER = com.femindharamshi.CrossMyBook;
				PRODUCT_NAME = "$(TARGET_NAME)";
				SWIFT_EMIT_LOC_STRINGS = YES;
				SWIFT_VERSION = 5.0;
				TARGETED_DEVICE_FAMILY = "1,2";
			};
			name = Release;
		};
/* End XCBuildConfiguration section */

/* Begin XCConfigurationList section */
		31A4D812293D4CC800AD6870 /* Build configuration list for PBXNativeTarget "CrossMyBookTests" */ = {
			isa = XCConfigurationList;
			buildConfigurations = (
				31A4D813293D4CC800AD6870 /* Debug */,
				31A4D814293D4CC800AD6870 /* Release */,
			);
			defaultConfigurationIsVisible = 0;
			defaultConfigurationName = Release;
		};
		EE3609EC2911B594006DB257 /* Build configuration list for PBXProject "CrossMyBook" */ = {
			isa = XCConfigurationList;
			buildConfigurations = (
				EE360A022911B595006DB257 /* Debug */,
				EE360A032911B595006DB257 /* Release */,
			);
			defaultConfigurationIsVisible = 0;
			defaultConfigurationName = Release;
		};
		EE360A042911B595006DB257 /* Build configuration list for PBXNativeTarget "CrossMyBook" */ = {
			isa = XCConfigurationList;
			buildConfigurations = (
				EE360A052911B595006DB257 /* Debug */,
				EE360A062911B595006DB257 /* Release */,
			);
			defaultConfigurationIsVisible = 0;
			defaultConfigurationName = Release;
		};
/* End XCConfigurationList section */

/* Begin XCRemoteSwiftPackageReference section */
		B3F119762933FA990055A2EE /* XCRemoteSwiftPackageReference "WrappingHStack" */ = {
			isa = XCRemoteSwiftPackageReference;
			repositoryURL = "https://github.com/dkk/WrappingHStack";
			requirement = {
				kind = upToNextMajorVersion;
				minimumVersion = 2.0.0;
			};
		};
		EE220BC629139B9800CEC13A /* XCRemoteSwiftPackageReference "SDWebImageSwiftUI" */ = {
			isa = XCRemoteSwiftPackageReference;
			repositoryURL = "https://github.com/SDWebImage/SDWebImageSwiftUI.git";
			requirement = {
				kind = upToNextMajorVersion;
				minimumVersion = 2.0.0;
			};
		};
		EE862139291C0B3E00000345 /* XCRemoteSwiftPackageReference "CodeScanner" */ = {
			isa = XCRemoteSwiftPackageReference;
			repositoryURL = "https://github.com/twostraws/CodeScanner";
			requirement = {
				kind = upToNextMajorVersion;
				minimumVersion = 2.0.0;
			};
		};
/* End XCRemoteSwiftPackageReference section */

/* Begin XCSwiftPackageProductDependency section */
		31A4D818293D4F0F00AD6870 /* SDWebImageSwiftUI */ = {
			isa = XCSwiftPackageProductDependency;
			package = EE220BC629139B9800CEC13A /* XCRemoteSwiftPackageReference "SDWebImageSwiftUI" */;
			productName = SDWebImageSwiftUI;
		};
		31A4D81A293D4F3A00AD6870 /* SDWebImageSwiftUI */ = {
			isa = XCSwiftPackageProductDependency;
			package = EE220BC629139B9800CEC13A /* XCRemoteSwiftPackageReference "SDWebImageSwiftUI" */;
			productName = SDWebImageSwiftUI;
		};
		B3F119772933FA990055A2EE /* WrappingHStack */ = {
			isa = XCSwiftPackageProductDependency;
			package = B3F119762933FA990055A2EE /* XCRemoteSwiftPackageReference "WrappingHStack" */;
			productName = WrappingHStack;
		};
		EE220BC729139B9800CEC13A /* SDWebImageSwiftUI */ = {
			isa = XCSwiftPackageProductDependency;
			package = EE220BC629139B9800CEC13A /* XCRemoteSwiftPackageReference "SDWebImageSwiftUI" */;
			productName = SDWebImageSwiftUI;
		};
		EE86213A291C0B3E00000345 /* CodeScanner */ = {
			isa = XCSwiftPackageProductDependency;
			package = EE862139291C0B3E00000345 /* XCRemoteSwiftPackageReference "CodeScanner" */;
			productName = CodeScanner;
		};
/* End XCSwiftPackageProductDependency section */

/* Begin XCVersionGroup section */
		EE3609FF2911B595006DB257 /* CrossMyBook.xcdatamodeld */ = {
			isa = XCVersionGroup;
			children = (
				EE360A002911B595006DB257 /* CrossMyBook.xcdatamodel */,
			);
			currentVersion = EE360A002911B595006DB257 /* CrossMyBook.xcdatamodel */;
			path = CrossMyBook.xcdatamodeld;
			sourceTree = "<group>";
			versionGroupType = wrapper.xcdatamodel;
		};
/* End XCVersionGroup section */
	};
	rootObject = EE3609E92911B594006DB257 /* Project object */;
}
